// !$*UTF8*$!
{
	archiveVersion = 1;
	classes = {
	};
	objectVersion = 56;
	objects = {

/* Begin PBXBuildFile section */
		DF6367DF2BCB8F480087A075 /* NetworkError.swift in Sources */ = {isa = PBXBuildFile; fileRef = DF6367DE2BCB8F480087A075 /* NetworkError.swift */; };
		DF6367E12BCBD0CA0087A075 /* SignUpModel.swift in Sources */ = {isa = PBXBuildFile; fileRef = DF6367E02BCBD0CA0087A075 /* SignUpModel.swift */; };
		DF6367E42BCBD1A90087A075 /* SignUpViewController.swift in Sources */ = {isa = PBXBuildFile; fileRef = DF6367E32BCBD1A90087A075 /* SignUpViewController.swift */; };
		DF6367E62BCBD1B90087A075 /* SignUpView.swift in Sources */ = {isa = PBXBuildFile; fileRef = DF6367E52BCBD1B90087A075 /* SignUpView.swift */; };
		DF6367E82BCBE28B0087A075 /* HelperView.swift in Sources */ = {isa = PBXBuildFile; fileRef = DF6367E72BCBE28B0087A075 /* HelperView.swift */; };
		DF6367EA2BCBF3030087A075 /* TextViewWithHelperView.swift in Sources */ = {isa = PBXBuildFile; fileRef = DF6367E92BCBF3030087A075 /* TextViewWithHelperView.swift */; };
		DF6367EC2BCBF3540087A075 /* TextWithHelperViewModel.swift in Sources */ = {isa = PBXBuildFile; fileRef = DF6367EB2BCBF3540087A075 /* TextWithHelperViewModel.swift */; };
		DF690D952BCECA3E00F3D1E0 /* KeychainSwift in Frameworks */ = {isa = PBXBuildFile; productRef = DF690D942BCECA3E00F3D1E0 /* KeychainSwift */; };
		DF690D972BCECA7700F3D1E0 /* NetworkInterceptor.swift in Sources */ = {isa = PBXBuildFile; fileRef = DF690D962BCECA7700F3D1E0 /* NetworkInterceptor.swift */; };
		DF690D992BCED7C200F3D1E0 /* TestViewController.swift in Sources */ = {isa = PBXBuildFile; fileRef = DF690D982BCED7C200F3D1E0 /* TestViewController.swift */; };
		DF690D9B2BCEDB7700F3D1E0 /* PostsModel.swift in Sources */ = {isa = PBXBuildFile; fileRef = DF690D9A2BCEDB7700F3D1E0 /* PostsModel.swift */; };
		DF690D9D2BCEDFD600F3D1E0 /* NextViewController.swift in Sources */ = {isa = PBXBuildFile; fileRef = DF690D9C2BCEDFD600F3D1E0 /* NextViewController.swift */; };
		DF8135BF2BCD1E9900126B9F /* EmailCheckModel.swift in Sources */ = {isa = PBXBuildFile; fileRef = DF8135BE2BCD1E9900126B9F /* EmailCheckModel.swift */; };
		DF82CCD62BCA85800089989E /* ConfigureProtocol.swift in Sources */ = {isa = PBXBuildFile; fileRef = DF82CCD52BCA85800089989E /* ConfigureProtocol.swift */; };
		DF82CCD92BCA87090089989E /* TextFieldView.swift in Sources */ = {isa = PBXBuildFile; fileRef = DF82CCD82BCA87090089989E /* TextFieldView.swift */; };
		DF82CCDB2BCA87910089989E /* InfoLabel.swift in Sources */ = {isa = PBXBuildFile; fileRef = DF82CCDA2BCA87910089989E /* InfoLabel.swift */; };
		DF82CCE02BCA8DA70089989E /* TextFieldViewModel.swift in Sources */ = {isa = PBXBuildFile; fileRef = DF82CCDF2BCA8DA70089989E /* TextFieldViewModel.swift */; };
		DF82CCE22BCA8DF80089989E /* ViewModelType.swift in Sources */ = {isa = PBXBuildFile; fileRef = DF82CCE12BCA8DF80089989E /* ViewModelType.swift */; };
		DF82CCE42BCA9CAB0089989E /* SignInViewModel.swift in Sources */ = {isa = PBXBuildFile; fileRef = DF82CCE32BCA9CAB0089989E /* SignInViewModel.swift */; };
		DF82CCE72BCA9E9E0089989E /* Headers.swift in Sources */ = {isa = PBXBuildFile; fileRef = DF82CCE62BCA9E9E0089989E /* Headers.swift */; };
		DF82CCE92BCA9ECA0089989E /* APIKey.swift in Sources */ = {isa = PBXBuildFile; fileRef = DF82CCE82BCA9ECA0089989E /* APIKey.swift */; };
		DF82CCEB2BCA9EE10089989E /* NetworkVersion.swift in Sources */ = {isa = PBXBuildFile; fileRef = DF82CCEA2BCA9EE10089989E /* NetworkVersion.swift */; };
		DF82CCEE2BCA9F0B0089989E /* TokenModel.swift in Sources */ = {isa = PBXBuildFile; fileRef = DF82CCED2BCA9F0B0089989E /* TokenModel.swift */; };
		DF82CCF02BCA9F190089989E /* LoginQuery.swift in Sources */ = {isa = PBXBuildFile; fileRef = DF82CCEF2BCA9F190089989E /* LoginQuery.swift */; };
		DF82CCF32BCA9F480089989E /* NetworkManager.swift in Sources */ = {isa = PBXBuildFile; fileRef = DF82CCF22BCA9F480089989E /* NetworkManager.swift */; };
		DF82CCF52BCA9F670089989E /* Router.swift in Sources */ = {isa = PBXBuildFile; fileRef = DF82CCF42BCA9F670089989E /* Router.swift */; };
		DF82CCF72BCA9F7E0089989E /* TargetType.swift in Sources */ = {isa = PBXBuildFile; fileRef = DF82CCF62BCA9F7E0089989E /* TargetType.swift */; };
		DF839D582BC93B94001FE924 /* AppDelegate.swift in Sources */ = {isa = PBXBuildFile; fileRef = DF839D572BC93B94001FE924 /* AppDelegate.swift */; };
		DF839D5A2BC93B94001FE924 /* SceneDelegate.swift in Sources */ = {isa = PBXBuildFile; fileRef = DF839D592BC93B94001FE924 /* SceneDelegate.swift */; };
		DF839D5F2BC93B94001FE924 /* Base in Resources */ = {isa = PBXBuildFile; fileRef = DF839D5E2BC93B94001FE924 /* Base */; };
		DF839D612BC93B97001FE924 /* Assets.xcassets in Resources */ = {isa = PBXBuildFile; fileRef = DF839D602BC93B97001FE924 /* Assets.xcassets */; };
		DF839D642BC93B97001FE924 /* Base in Resources */ = {isa = PBXBuildFile; fileRef = DF839D632BC93B97001FE924 /* Base */; };
		DF839D6C2BC93BC9001FE924 /* .gitignore in Resources */ = {isa = PBXBuildFile; fileRef = DF839D6B2BC93BC9001FE924 /* .gitignore */; };
		DF839D6F2BC93C67001FE924 /* SnapKit in Frameworks */ = {isa = PBXBuildFile; productRef = DF839D6E2BC93C67001FE924 /* SnapKit */; };
		DF839D722BC93C72001FE924 /* Then in Frameworks */ = {isa = PBXBuildFile; productRef = DF839D712BC93C72001FE924 /* Then */; };
		DF839D752BC93C93001FE924 /* RxCocoa in Frameworks */ = {isa = PBXBuildFile; productRef = DF839D742BC93C93001FE924 /* RxCocoa */; };
		DF839D772BC93C93001FE924 /* RxSwift in Frameworks */ = {isa = PBXBuildFile; productRef = DF839D762BC93C93001FE924 /* RxSwift */; };
		DF839D7A2BC93CA4001FE924 /* TextFieldEffects in Frameworks */ = {isa = PBXBuildFile; productRef = DF839D792BC93CA4001FE924 /* TextFieldEffects */; };
		DF839D7D2BC93CB3001FE924 /* IQKeyboardManagerSwift in Frameworks */ = {isa = PBXBuildFile; productRef = DF839D7C2BC93CB3001FE924 /* IQKeyboardManagerSwift */; };
		DF839D802BC93CC2001FE924 /* Alamofire in Frameworks */ = {isa = PBXBuildFile; productRef = DF839D7F2BC93CC2001FE924 /* Alamofire */; };
		DF839D842BC93D2C001FE924 /* BaseView.swift in Sources */ = {isa = PBXBuildFile; fileRef = DF839D832BC93D2C001FE924 /* BaseView.swift */; };
		DF839D862BC93D3E001FE924 /* BaseController.swift in Sources */ = {isa = PBXBuildFile; fileRef = DF839D852BC93D3E001FE924 /* BaseController.swift */; };
		DF839D8B2BC93DC1001FE924 /* SignInViewController.swift in Sources */ = {isa = PBXBuildFile; fileRef = DF839D8A2BC93DC1001FE924 /* SignInViewController.swift */; };
		DF839D8D2BC93DCF001FE924 /* SignInView.swift in Sources */ = {isa = PBXBuildFile; fileRef = DF839D8C2BC93DCF001FE924 /* SignInView.swift */; };
		DF856B442BD18B1200221DFA /* Toast in Frameworks */ = {isa = PBXBuildFile; productRef = DF856B432BD18B1200221DFA /* Toast */; };
		DF892AC02BCC44B8006C69AA /* SignUpViewModel.swift in Sources */ = {isa = PBXBuildFile; fileRef = DF892ABF2BCC44B8006C69AA /* SignUpViewModel.swift */; };
		DF892AC32BCC50B7006C69AA /* String+Extension.swift in Sources */ = {isa = PBXBuildFile; fileRef = DF892AC22BCC50B7006C69AA /* String+Extension.swift */; };
		DF95A51B2BD0FA4D00E6FCC4 /* PostingView.swift in Sources */ = {isa = PBXBuildFile; fileRef = DF95A51A2BD0FA4D00E6FCC4 /* PostingView.swift */; };
		DF95A51D2BD0FA5B00E6FCC4 /* PostingViewController.swift in Sources */ = {isa = PBXBuildFile; fileRef = DF95A51C2BD0FA5B00E6FCC4 /* PostingViewController.swift */; };
		DF95A51F2BD0FA6700E6FCC4 /* PostingViewModel.swift in Sources */ = {isa = PBXBuildFile; fileRef = DF95A51E2BD0FA6700E6FCC4 /* PostingViewModel.swift */; };
/* End PBXBuildFile section */

/* Begin PBXFileReference section */
		DF6367DE2BCB8F480087A075 /* NetworkError.swift */ = {isa = PBXFileReference; lastKnownFileType = sourcecode.swift; path = NetworkError.swift; sourceTree = "<group>"; };
		DF6367E02BCBD0CA0087A075 /* SignUpModel.swift */ = {isa = PBXFileReference; lastKnownFileType = sourcecode.swift; path = SignUpModel.swift; sourceTree = "<group>"; };
		DF6367E32BCBD1A90087A075 /* SignUpViewController.swift */ = {isa = PBXFileReference; lastKnownFileType = sourcecode.swift; path = SignUpViewController.swift; sourceTree = "<group>"; };
		DF6367E52BCBD1B90087A075 /* SignUpView.swift */ = {isa = PBXFileReference; lastKnownFileType = sourcecode.swift; path = SignUpView.swift; sourceTree = "<group>"; };
		DF6367E72BCBE28B0087A075 /* HelperView.swift */ = {isa = PBXFileReference; lastKnownFileType = sourcecode.swift; path = HelperView.swift; sourceTree = "<group>"; };
		DF6367E92BCBF3030087A075 /* TextViewWithHelperView.swift */ = {isa = PBXFileReference; lastKnownFileType = sourcecode.swift; path = TextViewWithHelperView.swift; sourceTree = "<group>"; };
		DF6367EB2BCBF3540087A075 /* TextWithHelperViewModel.swift */ = {isa = PBXFileReference; lastKnownFileType = sourcecode.swift; path = TextWithHelperViewModel.swift; sourceTree = "<group>"; };
		DF690D962BCECA7700F3D1E0 /* NetworkInterceptor.swift */ = {isa = PBXFileReference; lastKnownFileType = sourcecode.swift; path = NetworkInterceptor.swift; sourceTree = "<group>"; };
		DF690D982BCED7C200F3D1E0 /* TestViewController.swift */ = {isa = PBXFileReference; lastKnownFileType = sourcecode.swift; path = TestViewController.swift; sourceTree = "<group>"; };
		DF690D9A2BCEDB7700F3D1E0 /* PostsModel.swift */ = {isa = PBXFileReference; lastKnownFileType = sourcecode.swift; path = PostsModel.swift; sourceTree = "<group>"; };
		DF690D9C2BCEDFD600F3D1E0 /* NextViewController.swift */ = {isa = PBXFileReference; lastKnownFileType = sourcecode.swift; path = NextViewController.swift; sourceTree = "<group>"; };
		DF8135BE2BCD1E9900126B9F /* EmailCheckModel.swift */ = {isa = PBXFileReference; lastKnownFileType = sourcecode.swift; path = EmailCheckModel.swift; sourceTree = "<group>"; };
		DF82CCD52BCA85800089989E /* ConfigureProtocol.swift */ = {isa = PBXFileReference; lastKnownFileType = sourcecode.swift; path = ConfigureProtocol.swift; sourceTree = "<group>"; };
		DF82CCD82BCA87090089989E /* TextFieldView.swift */ = {isa = PBXFileReference; lastKnownFileType = sourcecode.swift; path = TextFieldView.swift; sourceTree = "<group>"; };
		DF82CCDA2BCA87910089989E /* InfoLabel.swift */ = {isa = PBXFileReference; lastKnownFileType = sourcecode.swift; path = InfoLabel.swift; sourceTree = "<group>"; };
		DF82CCDF2BCA8DA70089989E /* TextFieldViewModel.swift */ = {isa = PBXFileReference; lastKnownFileType = sourcecode.swift; path = TextFieldViewModel.swift; sourceTree = "<group>"; };
		DF82CCE12BCA8DF80089989E /* ViewModelType.swift */ = {isa = PBXFileReference; lastKnownFileType = sourcecode.swift; path = ViewModelType.swift; sourceTree = "<group>"; };
		DF82CCE32BCA9CAB0089989E /* SignInViewModel.swift */ = {isa = PBXFileReference; lastKnownFileType = sourcecode.swift; path = SignInViewModel.swift; sourceTree = "<group>"; };
		DF82CCE62BCA9E9E0089989E /* Headers.swift */ = {isa = PBXFileReference; lastKnownFileType = sourcecode.swift; path = Headers.swift; sourceTree = "<group>"; };
		DF82CCE82BCA9ECA0089989E /* APIKey.swift */ = {isa = PBXFileReference; lastKnownFileType = sourcecode.swift; path = APIKey.swift; sourceTree = "<group>"; };
		DF82CCEA2BCA9EE10089989E /* NetworkVersion.swift */ = {isa = PBXFileReference; lastKnownFileType = sourcecode.swift; path = NetworkVersion.swift; sourceTree = "<group>"; };
		DF82CCED2BCA9F0B0089989E /* TokenModel.swift */ = {isa = PBXFileReference; lastKnownFileType = sourcecode.swift; path = TokenModel.swift; sourceTree = "<group>"; };
		DF82CCEF2BCA9F190089989E /* LoginQuery.swift */ = {isa = PBXFileReference; lastKnownFileType = sourcecode.swift; path = LoginQuery.swift; sourceTree = "<group>"; };
		DF82CCF22BCA9F480089989E /* NetworkManager.swift */ = {isa = PBXFileReference; lastKnownFileType = sourcecode.swift; path = NetworkManager.swift; sourceTree = "<group>"; };
		DF82CCF42BCA9F670089989E /* Router.swift */ = {isa = PBXFileReference; lastKnownFileType = sourcecode.swift; path = Router.swift; sourceTree = "<group>"; };
		DF82CCF62BCA9F7E0089989E /* TargetType.swift */ = {isa = PBXFileReference; lastKnownFileType = sourcecode.swift; path = TargetType.swift; sourceTree = "<group>"; };
		DF839D542BC93B94001FE924 /* RealHealthKing.app */ = {isa = PBXFileReference; explicitFileType = wrapper.application; includeInIndex = 0; path = RealHealthKing.app; sourceTree = BUILT_PRODUCTS_DIR; };
		DF839D572BC93B94001FE924 /* AppDelegate.swift */ = {isa = PBXFileReference; lastKnownFileType = sourcecode.swift; path = AppDelegate.swift; sourceTree = "<group>"; };
		DF839D592BC93B94001FE924 /* SceneDelegate.swift */ = {isa = PBXFileReference; lastKnownFileType = sourcecode.swift; path = SceneDelegate.swift; sourceTree = "<group>"; };
		DF839D5E2BC93B94001FE924 /* Base */ = {isa = PBXFileReference; lastKnownFileType = file.storyboard; name = Base; path = Base.lproj/Main.storyboard; sourceTree = "<group>"; };
		DF839D602BC93B97001FE924 /* Assets.xcassets */ = {isa = PBXFileReference; lastKnownFileType = folder.assetcatalog; path = Assets.xcassets; sourceTree = "<group>"; };
		DF839D632BC93B97001FE924 /* Base */ = {isa = PBXFileReference; lastKnownFileType = file.storyboard; name = Base; path = Base.lproj/LaunchScreen.storyboard; sourceTree = "<group>"; };
		DF839D652BC93B97001FE924 /* Info.plist */ = {isa = PBXFileReference; lastKnownFileType = text.plist.xml; path = Info.plist; sourceTree = "<group>"; };
		DF839D6B2BC93BC9001FE924 /* .gitignore */ = {isa = PBXFileReference; lastKnownFileType = text; path = .gitignore; sourceTree = "<group>"; };
		DF839D832BC93D2C001FE924 /* BaseView.swift */ = {isa = PBXFileReference; lastKnownFileType = sourcecode.swift; path = BaseView.swift; sourceTree = "<group>"; };
		DF839D852BC93D3E001FE924 /* BaseController.swift */ = {isa = PBXFileReference; lastKnownFileType = sourcecode.swift; path = BaseController.swift; sourceTree = "<group>"; };
		DF839D8A2BC93DC1001FE924 /* SignInViewController.swift */ = {isa = PBXFileReference; lastKnownFileType = sourcecode.swift; path = SignInViewController.swift; sourceTree = "<group>"; };
		DF839D8C2BC93DCF001FE924 /* SignInView.swift */ = {isa = PBXFileReference; lastKnownFileType = sourcecode.swift; path = SignInView.swift; sourceTree = "<group>"; };
		DF892ABF2BCC44B8006C69AA /* SignUpViewModel.swift */ = {isa = PBXFileReference; lastKnownFileType = sourcecode.swift; path = SignUpViewModel.swift; sourceTree = "<group>"; };
		DF892AC22BCC50B7006C69AA /* String+Extension.swift */ = {isa = PBXFileReference; lastKnownFileType = sourcecode.swift; path = "String+Extension.swift"; sourceTree = "<group>"; };
		DF95A51A2BD0FA4D00E6FCC4 /* PostingView.swift */ = {isa = PBXFileReference; lastKnownFileType = sourcecode.swift; path = PostingView.swift; sourceTree = "<group>"; };
		DF95A51C2BD0FA5B00E6FCC4 /* PostingViewController.swift */ = {isa = PBXFileReference; lastKnownFileType = sourcecode.swift; path = PostingViewController.swift; sourceTree = "<group>"; };
		DF95A51E2BD0FA6700E6FCC4 /* PostingViewModel.swift */ = {isa = PBXFileReference; lastKnownFileType = sourcecode.swift; path = PostingViewModel.swift; sourceTree = "<group>"; };
/* End PBXFileReference section */

/* Begin PBXFrameworksBuildPhase section */
		DF839D512BC93B94001FE924 /* Frameworks */ = {
			isa = PBXFrameworksBuildPhase;
			buildActionMask = 2147483647;
			files = (
				DF839D752BC93C93001FE924 /* RxCocoa in Frameworks */,
				DF839D802BC93CC2001FE924 /* Alamofire in Frameworks */,
				DF839D6F2BC93C67001FE924 /* SnapKit in Frameworks */,
				DF856B442BD18B1200221DFA /* Toast in Frameworks */,
				DF839D772BC93C93001FE924 /* RxSwift in Frameworks */,
				DF839D722BC93C72001FE924 /* Then in Frameworks */,
				DF839D7A2BC93CA4001FE924 /* TextFieldEffects in Frameworks */,
				DF690D952BCECA3E00F3D1E0 /* KeychainSwift in Frameworks */,
				DF839D7D2BC93CB3001FE924 /* IQKeyboardManagerSwift in Frameworks */,
			);
			runOnlyForDeploymentPostprocessing = 0;
		};
/* End PBXFrameworksBuildPhase section */

/* Begin PBXGroup section */
		DF6367E22BCBD1930087A075 /* SignUp */ = {
			isa = PBXGroup;
			children = (
				DF892ABE2BCC44A7006C69AA /* SignUpViewModel */,
				DF892ABD2BCC449A006C69AA /* SignUpView */,
			);
			path = SignUp;
			sourceTree = "<group>";
		};
		DF82CCD42BCA85660089989E /* Protocol */ = {
			isa = PBXGroup;
			children = (
				DF82CCD52BCA85800089989E /* ConfigureProtocol.swift */,
				DF82CCE12BCA8DF80089989E /* ViewModelType.swift */,
			);
			path = Protocol;
			sourceTree = "<group>";
		};
		DF82CCDC2BCA8D860089989E /* TextFieldView */ = {
			isa = PBXGroup;
			children = (
				DF82CCDE2BCA8D980089989E /* ViewModel */,
				DF82CCDD2BCA8D930089989E /* View */,
			);
			path = TextFieldView;
			sourceTree = "<group>";
		};
		DF82CCDD2BCA8D930089989E /* View */ = {
			isa = PBXGroup;
			children = (
				DF82CCD82BCA87090089989E /* TextFieldView.swift */,
			);
			path = View;
			sourceTree = "<group>";
		};
		DF82CCDE2BCA8D980089989E /* ViewModel */ = {
			isa = PBXGroup;
			children = (
				DF82CCDF2BCA8DA70089989E /* TextFieldViewModel.swift */,
			);
			path = ViewModel;
			sourceTree = "<group>";
		};
		DF82CCE52BCA9E860089989E /* Network */ = {
			isa = PBXGroup;
			children = (
				DF82CCF12BCA9F2F0089989E /* Model */,
				DF82CCEC2BCA9EEC0089989E /* Enum */,
				DF82CCF22BCA9F480089989E /* NetworkManager.swift */,
				DF82CCF42BCA9F670089989E /* Router.swift */,
				DF82CCF62BCA9F7E0089989E /* TargetType.swift */,
				DF690D962BCECA7700F3D1E0 /* NetworkInterceptor.swift */,
			);
			path = Network;
			sourceTree = "<group>";
		};
		DF82CCEC2BCA9EEC0089989E /* Enum */ = {
			isa = PBXGroup;
			children = (
				DF82CCE62BCA9E9E0089989E /* Headers.swift */,
				DF82CCE82BCA9ECA0089989E /* APIKey.swift */,
				DF82CCEA2BCA9EE10089989E /* NetworkVersion.swift */,
				DF6367DE2BCB8F480087A075 /* NetworkError.swift */,
			);
			path = Enum;
			sourceTree = "<group>";
		};
		DF82CCF12BCA9F2F0089989E /* Model */ = {
			isa = PBXGroup;
			children = (
				DF82CCED2BCA9F0B0089989E /* TokenModel.swift */,
				DF82CCEF2BCA9F190089989E /* LoginQuery.swift */,
				DF6367E02BCBD0CA0087A075 /* SignUpModel.swift */,
				DF8135BE2BCD1E9900126B9F /* EmailCheckModel.swift */,
				DF690D9A2BCEDB7700F3D1E0 /* PostsModel.swift */,
			);
			path = Model;
			sourceTree = "<group>";
		};
		DF839D4B2BC93B94001FE924 = {
			isa = PBXGroup;
			children = (
				DF839D6B2BC93BC9001FE924 /* .gitignore */,
				DF839D562BC93B94001FE924 /* RealHealthKing */,
				DF839D552BC93B94001FE924 /* Products */,
			);
			sourceTree = "<group>";
		};
		DF839D552BC93B94001FE924 /* Products */ = {
			isa = PBXGroup;
			children = (
				DF839D542BC93B94001FE924 /* RealHealthKing.app */,
			);
			name = Products;
			sourceTree = "<group>";
		};
		DF839D562BC93B94001FE924 /* RealHealthKing */ = {
			isa = PBXGroup;
			children = (
				DF892AC12BCC50A9006C69AA /* Extension */,
				DF82CCE52BCA9E860089989E /* Network */,
				DF82CCD42BCA85660089989E /* Protocol */,
				DF839D812BC93D05001FE924 /* Scene */,
				DF839D572BC93B94001FE924 /* AppDelegate.swift */,
				DF839D592BC93B94001FE924 /* SceneDelegate.swift */,
				DF839D5D2BC93B94001FE924 /* Main.storyboard */,
				DF839D602BC93B97001FE924 /* Assets.xcassets */,
				DF839D622BC93B97001FE924 /* LaunchScreen.storyboard */,
				DF839D652BC93B97001FE924 /* Info.plist */,
			);
			path = RealHealthKing;
			sourceTree = "<group>";
		};
		DF839D812BC93D05001FE924 /* Scene */ = {
			isa = PBXGroup;
			children = (
				DF95A5172BD0FA2100E6FCC4 /* Posting */,
				DF6367E22BCBD1930087A075 /* SignUp */,
				DF839D902BC9A859001FE924 /* Custom */,
				DF839D872BC93D99001FE924 /* SignIn */,
				DF839D822BC93D13001FE924 /* Base */,
				DF690D982BCED7C200F3D1E0 /* TestViewController.swift */,
				DF690D9C2BCEDFD600F3D1E0 /* NextViewController.swift */,
			);
			path = Scene;
			sourceTree = "<group>";
		};
		DF839D822BC93D13001FE924 /* Base */ = {
			isa = PBXGroup;
			children = (
				DF839D832BC93D2C001FE924 /* BaseView.swift */,
				DF839D852BC93D3E001FE924 /* BaseController.swift */,
			);
			path = Base;
			sourceTree = "<group>";
		};
		DF839D872BC93D99001FE924 /* SignIn */ = {
			isa = PBXGroup;
			children = (
				DF839D892BC93DAD001FE924 /* ViewModel */,
				DF839D882BC93DA8001FE924 /* View */,
			);
			path = SignIn;
			sourceTree = "<group>";
		};
		DF839D882BC93DA8001FE924 /* View */ = {
			isa = PBXGroup;
			children = (
				DF839D8A2BC93DC1001FE924 /* SignInViewController.swift */,
				DF839D8C2BC93DCF001FE924 /* SignInView.swift */,
			);
			path = View;
			sourceTree = "<group>";
		};
		DF839D892BC93DAD001FE924 /* ViewModel */ = {
			isa = PBXGroup;
			children = (
				DF82CCE32BCA9CAB0089989E /* SignInViewModel.swift */,
			);
			path = ViewModel;
			sourceTree = "<group>";
		};
		DF839D902BC9A859001FE924 /* Custom */ = {
			isa = PBXGroup;
			children = (
				DF8A7F322BCE159000DA9C33 /* TextWithHelper */,
				DF82CCDC2BCA8D860089989E /* TextFieldView */,
				DF82CCDA2BCA87910089989E /* InfoLabel.swift */,
				DF6367E72BCBE28B0087A075 /* HelperView.swift */,
			);
			path = Custom;
			sourceTree = "<group>";
		};
		DF892ABD2BCC449A006C69AA /* SignUpView */ = {
			isa = PBXGroup;
			children = (
				DF6367E32BCBD1A90087A075 /* SignUpViewController.swift */,
				DF6367E52BCBD1B90087A075 /* SignUpView.swift */,
			);
			path = SignUpView;
			sourceTree = "<group>";
		};
		DF892ABE2BCC44A7006C69AA /* SignUpViewModel */ = {
			isa = PBXGroup;
			children = (
				DF892ABF2BCC44B8006C69AA /* SignUpViewModel.swift */,
			);
			path = SignUpViewModel;
			sourceTree = "<group>";
		};
		DF892AC12BCC50A9006C69AA /* Extension */ = {
			isa = PBXGroup;
			children = (
				DF892AC22BCC50B7006C69AA /* String+Extension.swift */,
			);
			path = Extension;
			sourceTree = "<group>";
		};
		DF8A7F322BCE159000DA9C33 /* TextWithHelper */ = {
			isa = PBXGroup;
			children = (
				DF6367EB2BCBF3540087A075 /* TextWithHelperViewModel.swift */,
				DF6367E92BCBF3030087A075 /* TextViewWithHelperView.swift */,
			);
			path = TextWithHelper;
			sourceTree = "<group>";
		};
		DF95A5172BD0FA2100E6FCC4 /* Posting */ = {
			isa = PBXGroup;
			children = (
				DF95A5192BD0FA3600E6FCC4 /* ViewModel */,
				DF95A5182BD0FA3100E6FCC4 /* View */,
			);
			path = Posting;
			sourceTree = "<group>";
		};
		DF95A5182BD0FA3100E6FCC4 /* View */ = {
			isa = PBXGroup;
			children = (
				DF95A51A2BD0FA4D00E6FCC4 /* PostingView.swift */,
				DF95A51C2BD0FA5B00E6FCC4 /* PostingViewController.swift */,
			);
			path = View;
			sourceTree = "<group>";
		};
		DF95A5192BD0FA3600E6FCC4 /* ViewModel */ = {
			isa = PBXGroup;
			children = (
				DF95A51E2BD0FA6700E6FCC4 /* PostingViewModel.swift */,
			);
			path = ViewModel;
			sourceTree = "<group>";
		};
/* End PBXGroup section */

/* Begin PBXNativeTarget section */
		DF839D532BC93B94001FE924 /* RealHealthKing */ = {
			isa = PBXNativeTarget;
			buildConfigurationList = DF839D682BC93B97001FE924 /* Build configuration list for PBXNativeTarget "RealHealthKing" */;
			buildPhases = (
				DF839D502BC93B94001FE924 /* Sources */,
				DF839D512BC93B94001FE924 /* Frameworks */,
				DF839D522BC93B94001FE924 /* Resources */,
			);
			buildRules = (
			);
			dependencies = (
			);
			name = RealHealthKing;
			packageProductDependencies = (
				DF839D6E2BC93C67001FE924 /* SnapKit */,
				DF839D712BC93C72001FE924 /* Then */,
				DF839D742BC93C93001FE924 /* RxCocoa */,
				DF839D762BC93C93001FE924 /* RxSwift */,
				DF839D792BC93CA4001FE924 /* TextFieldEffects */,
				DF839D7C2BC93CB3001FE924 /* IQKeyboardManagerSwift */,
				DF839D7F2BC93CC2001FE924 /* Alamofire */,
				DF690D942BCECA3E00F3D1E0 /* KeychainSwift */,
				DF856B432BD18B1200221DFA /* Toast */,
			);
			productName = RealHealthKing;
			productReference = DF839D542BC93B94001FE924 /* RealHealthKing.app */;
			productType = "com.apple.product-type.application";
		};
/* End PBXNativeTarget section */

/* Begin PBXProject section */
		DF839D4C2BC93B94001FE924 /* Project object */ = {
			isa = PBXProject;
			attributes = {
				BuildIndependentTargetsInParallel = 1;
				LastSwiftUpdateCheck = 1530;
				LastUpgradeCheck = 1530;
				TargetAttributes = {
					DF839D532BC93B94001FE924 = {
						CreatedOnToolsVersion = 15.3;
					};
				};
			};
			buildConfigurationList = DF839D4F2BC93B94001FE924 /* Build configuration list for PBXProject "RealHealthKing" */;
			compatibilityVersion = "Xcode 14.0";
			developmentRegion = en;
			hasScannedForEncodings = 0;
			knownRegions = (
				en,
				Base,
			);
			mainGroup = DF839D4B2BC93B94001FE924;
			packageReferences = (
				DF839D6D2BC93C67001FE924 /* XCRemoteSwiftPackageReference "SnapKit" */,
				DF839D702BC93C72001FE924 /* XCRemoteSwiftPackageReference "Then" */,
				DF839D732BC93C92001FE924 /* XCRemoteSwiftPackageReference "RxSwift" */,
				DF839D782BC93CA4001FE924 /* XCRemoteSwiftPackageReference "TextFieldEffects" */,
				DF839D7B2BC93CB3001FE924 /* XCRemoteSwiftPackageReference "IQKeyboardManager" */,
				DF839D7E2BC93CC1001FE924 /* XCRemoteSwiftPackageReference "Alamofire" */,
				DF690D932BCECA3E00F3D1E0 /* XCRemoteSwiftPackageReference "keychain-swift" */,
				DF856B422BD18B1200221DFA /* XCRemoteSwiftPackageReference "Toast-Swift" */,
			);
			productRefGroup = DF839D552BC93B94001FE924 /* Products */;
			projectDirPath = "";
			projectRoot = "";
			targets = (
				DF839D532BC93B94001FE924 /* RealHealthKing */,
			);
		};
/* End PBXProject section */

/* Begin PBXResourcesBuildPhase section */
		DF839D522BC93B94001FE924 /* Resources */ = {
			isa = PBXResourcesBuildPhase;
			buildActionMask = 2147483647;
			files = (
				DF839D6C2BC93BC9001FE924 /* .gitignore in Resources */,
				DF839D612BC93B97001FE924 /* Assets.xcassets in Resources */,
				DF839D642BC93B97001FE924 /* Base in Resources */,
				DF839D5F2BC93B94001FE924 /* Base in Resources */,
			);
			runOnlyForDeploymentPostprocessing = 0;
		};
/* End PBXResourcesBuildPhase section */

/* Begin PBXSourcesBuildPhase section */
		DF839D502BC93B94001FE924 /* Sources */ = {
			isa = PBXSourcesBuildPhase;
			buildActionMask = 2147483647;
			files = (
				DF82CCF32BCA9F480089989E /* NetworkManager.swift in Sources */,
				DF82CCDB2BCA87910089989E /* InfoLabel.swift in Sources */,
				DF95A51F2BD0FA6700E6FCC4 /* PostingViewModel.swift in Sources */,
				DF6367E12BCBD0CA0087A075 /* SignUpModel.swift in Sources */,
				DF839D8D2BC93DCF001FE924 /* SignInView.swift in Sources */,
				DF82CCE02BCA8DA70089989E /* TextFieldViewModel.swift in Sources */,
				DF690D9B2BCEDB7700F3D1E0 /* PostsModel.swift in Sources */,
				DF82CCF02BCA9F190089989E /* LoginQuery.swift in Sources */,
				DF892AC02BCC44B8006C69AA /* SignUpViewModel.swift in Sources */,
				DF82CCF72BCA9F7E0089989E /* TargetType.swift in Sources */,
				DF82CCE92BCA9ECA0089989E /* APIKey.swift in Sources */,
				DF82CCE42BCA9CAB0089989E /* SignInViewModel.swift in Sources */,
				DF690D972BCECA7700F3D1E0 /* NetworkInterceptor.swift in Sources */,
				DF6367DF2BCB8F480087A075 /* NetworkError.swift in Sources */,
				DF839D842BC93D2C001FE924 /* BaseView.swift in Sources */,
				DF6367E82BCBE28B0087A075 /* HelperView.swift in Sources */,
				DF8135BF2BCD1E9900126B9F /* EmailCheckModel.swift in Sources */,
				DF82CCE72BCA9E9E0089989E /* Headers.swift in Sources */,
				DF95A51D2BD0FA5B00E6FCC4 /* PostingViewController.swift in Sources */,
				DF690D9D2BCEDFD600F3D1E0 /* NextViewController.swift in Sources */,
				DF839D582BC93B94001FE924 /* AppDelegate.swift in Sources */,
				DF839D862BC93D3E001FE924 /* BaseController.swift in Sources */,
				DF690D992BCED7C200F3D1E0 /* TestViewController.swift in Sources */,
				DF6367EA2BCBF3030087A075 /* TextViewWithHelperView.swift in Sources */,
				DF82CCF52BCA9F670089989E /* Router.swift in Sources */,
				DF95A51B2BD0FA4D00E6FCC4 /* PostingView.swift in Sources */,
				DF6367E62BCBD1B90087A075 /* SignUpView.swift in Sources */,
				DF839D8B2BC93DC1001FE924 /* SignInViewController.swift in Sources */,
				DF82CCEE2BCA9F0B0089989E /* TokenModel.swift in Sources */,
				DF6367E42BCBD1A90087A075 /* SignUpViewController.swift in Sources */,
				DF82CCE22BCA8DF80089989E /* ViewModelType.swift in Sources */,
				DF82CCD62BCA85800089989E /* ConfigureProtocol.swift in Sources */,
				DF839D5A2BC93B94001FE924 /* SceneDelegate.swift in Sources */,
				DF6367EC2BCBF3540087A075 /* TextWithHelperViewModel.swift in Sources */,
				DF82CCD92BCA87090089989E /* TextFieldView.swift in Sources */,
				DF892AC32BCC50B7006C69AA /* String+Extension.swift in Sources */,
				DF82CCEB2BCA9EE10089989E /* NetworkVersion.swift in Sources */,
			);
			runOnlyForDeploymentPostprocessing = 0;
		};
/* End PBXSourcesBuildPhase section */

/* Begin PBXVariantGroup section */
		DF839D5D2BC93B94001FE924 /* Main.storyboard */ = {
			isa = PBXVariantGroup;
			children = (
				DF839D5E2BC93B94001FE924 /* Base */,
			);
			name = Main.storyboard;
			sourceTree = "<group>";
		};
		DF839D622BC93B97001FE924 /* LaunchScreen.storyboard */ = {
			isa = PBXVariantGroup;
			children = (
				DF839D632BC93B97001FE924 /* Base */,
			);
			name = LaunchScreen.storyboard;
			sourceTree = "<group>";
		};
/* End PBXVariantGroup section */

/* Begin XCBuildConfiguration section */
		DF839D662BC93B97001FE924 /* Debug */ = {
			isa = XCBuildConfiguration;
			buildSettings = {
				ALWAYS_SEARCH_USER_PATHS = NO;
				ASSETCATALOG_COMPILER_GENERATE_SWIFT_ASSET_SYMBOL_EXTENSIONS = YES;
				CLANG_ANALYZER_NONNULL = YES;
				CLANG_ANALYZER_NUMBER_OBJECT_CONVERSION = YES_AGGRESSIVE;
				CLANG_CXX_LANGUAGE_STANDARD = "gnu++20";
				CLANG_ENABLE_MODULES = YES;
				CLANG_ENABLE_OBJC_ARC = YES;
				CLANG_ENABLE_OBJC_WEAK = YES;
				CLANG_WARN_BLOCK_CAPTURE_AUTORELEASING = YES;
				CLANG_WARN_BOOL_CONVERSION = YES;
				CLANG_WARN_COMMA = YES;
				CLANG_WARN_CONSTANT_CONVERSION = YES;
				CLANG_WARN_DEPRECATED_OBJC_IMPLEMENTATIONS = YES;
				CLANG_WARN_DIRECT_OBJC_ISA_USAGE = YES_ERROR;
				CLANG_WARN_DOCUMENTATION_COMMENTS = YES;
				CLANG_WARN_EMPTY_BODY = YES;
				CLANG_WARN_ENUM_CONVERSION = YES;
				CLANG_WARN_INFINITE_RECURSION = YES;
				CLANG_WARN_INT_CONVERSION = YES;
				CLANG_WARN_NON_LITERAL_NULL_CONVERSION = YES;
				CLANG_WARN_OBJC_IMPLICIT_RETAIN_SELF = YES;
				CLANG_WARN_OBJC_LITERAL_CONVERSION = YES;
				CLANG_WARN_OBJC_ROOT_CLASS = YES_ERROR;
				CLANG_WARN_QUOTED_INCLUDE_IN_FRAMEWORK_HEADER = YES;
				CLANG_WARN_RANGE_LOOP_ANALYSIS = YES;
				CLANG_WARN_STRICT_PROTOTYPES = YES;
				CLANG_WARN_SUSPICIOUS_MOVE = YES;
				CLANG_WARN_UNGUARDED_AVAILABILITY = YES_AGGRESSIVE;
				CLANG_WARN_UNREACHABLE_CODE = YES;
				CLANG_WARN__DUPLICATE_METHOD_MATCH = YES;
				COPY_PHASE_STRIP = NO;
				DEBUG_INFORMATION_FORMAT = dwarf;
				ENABLE_STRICT_OBJC_MSGSEND = YES;
				ENABLE_TESTABILITY = YES;
				ENABLE_USER_SCRIPT_SANDBOXING = YES;
				GCC_C_LANGUAGE_STANDARD = gnu17;
				GCC_DYNAMIC_NO_PIC = NO;
				GCC_NO_COMMON_BLOCKS = YES;
				GCC_OPTIMIZATION_LEVEL = 0;
				GCC_PREPROCESSOR_DEFINITIONS = (
					"DEBUG=1",
					"$(inherited)",
				);
				GCC_WARN_64_TO_32_BIT_CONVERSION = YES;
				GCC_WARN_ABOUT_RETURN_TYPE = YES_ERROR;
				GCC_WARN_UNDECLARED_SELECTOR = YES;
				GCC_WARN_UNINITIALIZED_AUTOS = YES_AGGRESSIVE;
				GCC_WARN_UNUSED_FUNCTION = YES;
				GCC_WARN_UNUSED_VARIABLE = YES;
				IPHONEOS_DEPLOYMENT_TARGET = 17.4;
				LOCALIZATION_PREFERS_STRING_CATALOGS = YES;
				MTL_ENABLE_DEBUG_INFO = INCLUDE_SOURCE;
				MTL_FAST_MATH = YES;
				ONLY_ACTIVE_ARCH = YES;
				SDKROOT = iphoneos;
				SWIFT_ACTIVE_COMPILATION_CONDITIONS = "DEBUG $(inherited)";
				SWIFT_OPTIMIZATION_LEVEL = "-Onone";
			};
			name = Debug;
		};
		DF839D672BC93B97001FE924 /* Release */ = {
			isa = XCBuildConfiguration;
			buildSettings = {
				ALWAYS_SEARCH_USER_PATHS = NO;
				ASSETCATALOG_COMPILER_GENERATE_SWIFT_ASSET_SYMBOL_EXTENSIONS = YES;
				CLANG_ANALYZER_NONNULL = YES;
				CLANG_ANALYZER_NUMBER_OBJECT_CONVERSION = YES_AGGRESSIVE;
				CLANG_CXX_LANGUAGE_STANDARD = "gnu++20";
				CLANG_ENABLE_MODULES = YES;
				CLANG_ENABLE_OBJC_ARC = YES;
				CLANG_ENABLE_OBJC_WEAK = YES;
				CLANG_WARN_BLOCK_CAPTURE_AUTORELEASING = YES;
				CLANG_WARN_BOOL_CONVERSION = YES;
				CLANG_WARN_COMMA = YES;
				CLANG_WARN_CONSTANT_CONVERSION = YES;
				CLANG_WARN_DEPRECATED_OBJC_IMPLEMENTATIONS = YES;
				CLANG_WARN_DIRECT_OBJC_ISA_USAGE = YES_ERROR;
				CLANG_WARN_DOCUMENTATION_COMMENTS = YES;
				CLANG_WARN_EMPTY_BODY = YES;
				CLANG_WARN_ENUM_CONVERSION = YES;
				CLANG_WARN_INFINITE_RECURSION = YES;
				CLANG_WARN_INT_CONVERSION = YES;
				CLANG_WARN_NON_LITERAL_NULL_CONVERSION = YES;
				CLANG_WARN_OBJC_IMPLICIT_RETAIN_SELF = YES;
				CLANG_WARN_OBJC_LITERAL_CONVERSION = YES;
				CLANG_WARN_OBJC_ROOT_CLASS = YES_ERROR;
				CLANG_WARN_QUOTED_INCLUDE_IN_FRAMEWORK_HEADER = YES;
				CLANG_WARN_RANGE_LOOP_ANALYSIS = YES;
				CLANG_WARN_STRICT_PROTOTYPES = YES;
				CLANG_WARN_SUSPICIOUS_MOVE = YES;
				CLANG_WARN_UNGUARDED_AVAILABILITY = YES_AGGRESSIVE;
				CLANG_WARN_UNREACHABLE_CODE = YES;
				CLANG_WARN__DUPLICATE_METHOD_MATCH = YES;
				COPY_PHASE_STRIP = NO;
				DEBUG_INFORMATION_FORMAT = "dwarf-with-dsym";
				ENABLE_NS_ASSERTIONS = NO;
				ENABLE_STRICT_OBJC_MSGSEND = YES;
				ENABLE_USER_SCRIPT_SANDBOXING = YES;
				GCC_C_LANGUAGE_STANDARD = gnu17;
				GCC_NO_COMMON_BLOCKS = YES;
				GCC_WARN_64_TO_32_BIT_CONVERSION = YES;
				GCC_WARN_ABOUT_RETURN_TYPE = YES_ERROR;
				GCC_WARN_UNDECLARED_SELECTOR = YES;
				GCC_WARN_UNINITIALIZED_AUTOS = YES_AGGRESSIVE;
				GCC_WARN_UNUSED_FUNCTION = YES;
				GCC_WARN_UNUSED_VARIABLE = YES;
				IPHONEOS_DEPLOYMENT_TARGET = 17.4;
				LOCALIZATION_PREFERS_STRING_CATALOGS = YES;
				MTL_ENABLE_DEBUG_INFO = NO;
				MTL_FAST_MATH = YES;
				SDKROOT = iphoneos;
				SWIFT_COMPILATION_MODE = wholemodule;
				VALIDATE_PRODUCT = YES;
			};
			name = Release;
		};
		DF839D692BC93B97001FE924 /* Debug */ = {
			isa = XCBuildConfiguration;
			buildSettings = {
				ASSETCATALOG_COMPILER_APPICON_NAME = AppIcon;
				ASSETCATALOG_COMPILER_GLOBAL_ACCENT_COLOR_NAME = AccentColor;
				CODE_SIGN_STYLE = Automatic;
				CURRENT_PROJECT_VERSION = 1;
				DEVELOPMENT_TEAM = QQ67S8HZ4F;
				GENERATE_INFOPLIST_FILE = YES;
				INFOPLIST_FILE = RealHealthKing/Info.plist;
				INFOPLIST_KEY_UIApplicationSupportsIndirectInputEvents = YES;
				INFOPLIST_KEY_UILaunchStoryboardName = LaunchScreen;
				INFOPLIST_KEY_UIMainStoryboardFile = Main;
				INFOPLIST_KEY_UISupportedInterfaceOrientations_iPad = "UIInterfaceOrientationPortrait UIInterfaceOrientationPortraitUpsideDown UIInterfaceOrientationLandscapeLeft UIInterfaceOrientationLandscapeRight";
				INFOPLIST_KEY_UISupportedInterfaceOrientations_iPhone = "UIInterfaceOrientationPortrait UIInterfaceOrientationLandscapeLeft UIInterfaceOrientationLandscapeRight";
				LD_RUNPATH_SEARCH_PATHS = (
					"$(inherited)",
					"@executable_path/Frameworks",
				);
				MARKETING_VERSION = 1.0;
				PRODUCT_BUNDLE_IDENTIFIER = com.melon.RealHealthKing;
				PRODUCT_NAME = "$(TARGET_NAME)";
				SWIFT_EMIT_LOC_STRINGS = YES;
				SWIFT_VERSION = 5.0;
				TARGETED_DEVICE_FAMILY = "1,2";
			};
			name = Debug;
		};
		DF839D6A2BC93B97001FE924 /* Release */ = {
			isa = XCBuildConfiguration;
			buildSettings = {
				ASSETCATALOG_COMPILER_APPICON_NAME = AppIcon;
				ASSETCATALOG_COMPILER_GLOBAL_ACCENT_COLOR_NAME = AccentColor;
				CODE_SIGN_STYLE = Automatic;
				CURRENT_PROJECT_VERSION = 1;
				DEVELOPMENT_TEAM = QQ67S8HZ4F;
				GENERATE_INFOPLIST_FILE = YES;
				INFOPLIST_FILE = RealHealthKing/Info.plist;
				INFOPLIST_KEY_UIApplicationSupportsIndirectInputEvents = YES;
				INFOPLIST_KEY_UILaunchStoryboardName = LaunchScreen;
				INFOPLIST_KEY_UIMainStoryboardFile = Main;
				INFOPLIST_KEY_UISupportedInterfaceOrientations_iPad = "UIInterfaceOrientationPortrait UIInterfaceOrientationPortraitUpsideDown UIInterfaceOrientationLandscapeLeft UIInterfaceOrientationLandscapeRight";
				INFOPLIST_KEY_UISupportedInterfaceOrientations_iPhone = "UIInterfaceOrientationPortrait UIInterfaceOrientationLandscapeLeft UIInterfaceOrientationLandscapeRight";
				LD_RUNPATH_SEARCH_PATHS = (
					"$(inherited)",
					"@executable_path/Frameworks",
				);
				MARKETING_VERSION = 1.0;
				PRODUCT_BUNDLE_IDENTIFIER = com.melon.RealHealthKing;
				PRODUCT_NAME = "$(TARGET_NAME)";
				SWIFT_EMIT_LOC_STRINGS = YES;
				SWIFT_VERSION = 5.0;
				TARGETED_DEVICE_FAMILY = "1,2";
			};
			name = Release;
		};
/* End XCBuildConfiguration section */

/* Begin XCConfigurationList section */
		DF839D4F2BC93B94001FE924 /* Build configuration list for PBXProject "RealHealthKing" */ = {
			isa = XCConfigurationList;
			buildConfigurations = (
				DF839D662BC93B97001FE924 /* Debug */,
				DF839D672BC93B97001FE924 /* Release */,
			);
			defaultConfigurationIsVisible = 0;
			defaultConfigurationName = Release;
		};
		DF839D682BC93B97001FE924 /* Build configuration list for PBXNativeTarget "RealHealthKing" */ = {
			isa = XCConfigurationList;
			buildConfigurations = (
				DF839D692BC93B97001FE924 /* Debug */,
				DF839D6A2BC93B97001FE924 /* Release */,
			);
			defaultConfigurationIsVisible = 0;
			defaultConfigurationName = Release;
		};
/* End XCConfigurationList section */

/* Begin XCRemoteSwiftPackageReference section */
		DF690D932BCECA3E00F3D1E0 /* XCRemoteSwiftPackageReference "keychain-swift" */ = {
			isa = XCRemoteSwiftPackageReference;
			repositoryURL = "https://github.com/evgenyneu/keychain-swift.git";
			requirement = {
				kind = upToNextMajorVersion;
				minimumVersion = 22.0.0;
			};
		};
		DF839D6D2BC93C67001FE924 /* XCRemoteSwiftPackageReference "SnapKit" */ = {
			isa = XCRemoteSwiftPackageReference;
			repositoryURL = "https://github.com/SnapKit/SnapKit";
			requirement = {
				kind = upToNextMajorVersion;
				minimumVersion = 5.7.1;
			};
		};
		DF839D702BC93C72001FE924 /* XCRemoteSwiftPackageReference "Then" */ = {
			isa = XCRemoteSwiftPackageReference;
			repositoryURL = "https://github.com/devxoul/Then.git";
			requirement = {
				kind = upToNextMajorVersion;
				minimumVersion = 3.0.0;
			};
		};
		DF839D732BC93C92001FE924 /* XCRemoteSwiftPackageReference "RxSwift" */ = {
			isa = XCRemoteSwiftPackageReference;
			repositoryURL = "https://github.com/ReactiveX/RxSwift";
			requirement = {
				kind = upToNextMajorVersion;
				minimumVersion = 6.6.0;
			};
		};
		DF839D782BC93CA4001FE924 /* XCRemoteSwiftPackageReference "TextFieldEffects" */ = {
			isa = XCRemoteSwiftPackageReference;
			repositoryURL = "https://github.com/raulriera/TextFieldEffects.git";
			requirement = {
				kind = upToNextMajorVersion;
				minimumVersion = 1.7.0;
			};
		};
		DF839D7B2BC93CB3001FE924 /* XCRemoteSwiftPackageReference "IQKeyboardManager" */ = {
			isa = XCRemoteSwiftPackageReference;
			repositoryURL = "https://github.com/hackiftekhar/IQKeyboardManager.git";
			requirement = {
				kind = upToNextMajorVersion;
				minimumVersion = 7.0.2;
			};
		};
		DF839D7E2BC93CC1001FE924 /* XCRemoteSwiftPackageReference "Alamofire" */ = {
			isa = XCRemoteSwiftPackageReference;
			repositoryURL = "https://github.com/Alamofire/Alamofire.git";
			requirement = {
				kind = upToNextMajorVersion;
				minimumVersion = 5.9.1;
			};
		};
		DF856B422BD18B1200221DFA /* XCRemoteSwiftPackageReference "Toast-Swift" */ = {
			isa = XCRemoteSwiftPackageReference;
			repositoryURL = "https://github.com/scalessec/Toast-Swift.git";
			requirement = {
				kind = upToNextMajorVersion;
				minimumVersion = 5.1.1;
			};
		};
/* End XCRemoteSwiftPackageReference section */

/* Begin XCSwiftPackageProductDependency section */
		DF690D942BCECA3E00F3D1E0 /* KeychainSwift */ = {
			isa = XCSwiftPackageProductDependency;
			package = DF690D932BCECA3E00F3D1E0 /* XCRemoteSwiftPackageReference "keychain-swift" */;
			productName = KeychainSwift;
		};
		DF839D6E2BC93C67001FE924 /* SnapKit */ = {
			isa = XCSwiftPackageProductDependency;
			package = DF839D6D2BC93C67001FE924 /* XCRemoteSwiftPackageReference "SnapKit" */;
			productName = SnapKit;
		};
		DF839D712BC93C72001FE924 /* Then */ = {
			isa = XCSwiftPackageProductDependency;
			package = DF839D702BC93C72001FE924 /* XCRemoteSwiftPackageReference "Then" */;
			productName = Then;
		};
		DF839D742BC93C93001FE924 /* RxCocoa */ = {
			isa = XCSwiftPackageProductDependency;
			package = DF839D732BC93C92001FE924 /* XCRemoteSwiftPackageReference "RxSwift" */;
			productName = RxCocoa;
		};
		DF839D762BC93C93001FE924 /* RxSwift */ = {
			isa = XCSwiftPackageProductDependency;
			package = DF839D732BC93C92001FE924 /* XCRemoteSwiftPackageReference "RxSwift" */;
			productName = RxSwift;
		};
		DF839D792BC93CA4001FE924 /* TextFieldEffects */ = {
			isa = XCSwiftPackageProductDependency;
			package = DF839D782BC93CA4001FE924 /* XCRemoteSwiftPackageReference "TextFieldEffects" */;
			productName = TextFieldEffects;
		};
		DF839D7C2BC93CB3001FE924 /* IQKeyboardManagerSwift */ = {
			isa = XCSwiftPackageProductDependency;
			package = DF839D7B2BC93CB3001FE924 /* XCRemoteSwiftPackageReference "IQKeyboardManager" */;
			productName = IQKeyboardManagerSwift;
		};
		DF839D7F2BC93CC2001FE924 /* Alamofire */ = {
			isa = XCSwiftPackageProductDependency;
			package = DF839D7E2BC93CC1001FE924 /* XCRemoteSwiftPackageReference "Alamofire" */;
			productName = Alamofire;
		};
		DF856B432BD18B1200221DFA /* Toast */ = {
			isa = XCSwiftPackageProductDependency;
			package = DF856B422BD18B1200221DFA /* XCRemoteSwiftPackageReference "Toast-Swift" */;
			productName = Toast;
		};
/* End XCSwiftPackageProductDependency section */
	};
	rootObject = DF839D4C2BC93B94001FE924 /* Project object */;
}
