// !$*UTF8*$!
{
	archiveVersion = 1;
	classes = {
	};
	objectVersion = 56;
	objects = {

/* Begin PBXBuildFile section */
		DF43904E2BD63BBB00520CF7 /* Kingfisher in Frameworks */ = {isa = PBXBuildFile; productRef = DF43904D2BD63BBB00520CF7 /* Kingfisher */; };
		DF4390502BD6544100520CF7 /* UIScreen+Extension.swift in Sources */ = {isa = PBXBuildFile; fileRef = DF43904F2BD6544100520CF7 /* UIScreen+Extension.swift */; };
		DF4390522BD66CD800520CF7 /* HomeTableViewCell.swift in Sources */ = {isa = PBXBuildFile; fileRef = DF4390512BD66CD800520CF7 /* HomeTableViewCell.swift */; };
		DF4390542BD66D2200520CF7 /* ReusableProtocol.swift in Sources */ = {isa = PBXBuildFile; fileRef = DF4390532BD66D2200520CF7 /* ReusableProtocol.swift */; };
		DF4390562BD66D4800520CF7 /* UIView+Extension.swift in Sources */ = {isa = PBXBuildFile; fileRef = DF4390552BD66D4800520CF7 /* UIView+Extension.swift */; };
		DF46AEA22BE572330025B43F /* PostingModel.swift in Sources */ = {isa = PBXBuildFile; fileRef = DF46AEA12BE572330025B43F /* PostingModel.swift */; };
		DF5FDA8E2BD418530013E1D3 /* UIImage+Extension.swift in Sources */ = {isa = PBXBuildFile; fileRef = DF5FDA8D2BD418520013E1D3 /* UIImage+Extension.swift */; };
		DF5FDA902BD43D6F0013E1D3 /* ImageFilesModel.swift in Sources */ = {isa = PBXBuildFile; fileRef = DF5FDA8F2BD43D6F0013E1D3 /* ImageFilesModel.swift */; };
		DF6367DF2BCB8F480087A075 /* NetworkError.swift in Sources */ = {isa = PBXBuildFile; fileRef = DF6367DE2BCB8F480087A075 /* NetworkError.swift */; };
		DF6367E12BCBD0CA0087A075 /* SignUpModel.swift in Sources */ = {isa = PBXBuildFile; fileRef = DF6367E02BCBD0CA0087A075 /* SignUpModel.swift */; };
		DF6367E42BCBD1A90087A075 /* SignUpViewController.swift in Sources */ = {isa = PBXBuildFile; fileRef = DF6367E32BCBD1A90087A075 /* SignUpViewController.swift */; };
		DF6367E62BCBD1B90087A075 /* SignUpView.swift in Sources */ = {isa = PBXBuildFile; fileRef = DF6367E52BCBD1B90087A075 /* SignUpView.swift */; };
		DF6367E82BCBE28B0087A075 /* HelperView.swift in Sources */ = {isa = PBXBuildFile; fileRef = DF6367E72BCBE28B0087A075 /* HelperView.swift */; };
		DF6367EA2BCBF3030087A075 /* TextViewWithHelperView.swift in Sources */ = {isa = PBXBuildFile; fileRef = DF6367E92BCBF3030087A075 /* TextViewWithHelperView.swift */; };
		DF6367EC2BCBF3540087A075 /* TextWithHelperViewModel.swift in Sources */ = {isa = PBXBuildFile; fileRef = DF6367EB2BCBF3540087A075 /* TextWithHelperViewModel.swift */; };
		DF690D952BCECA3E00F3D1E0 /* KeychainSwift in Frameworks */ = {isa = PBXBuildFile; productRef = DF690D942BCECA3E00F3D1E0 /* KeychainSwift */; };
		DF690D972BCECA7700F3D1E0 /* NetworkInterceptor.swift in Sources */ = {isa = PBXBuildFile; fileRef = DF690D962BCECA7700F3D1E0 /* NetworkInterceptor.swift */; };
		DF690D9B2BCEDB7700F3D1E0 /* PostsModel.swift in Sources */ = {isa = PBXBuildFile; fileRef = DF690D9A2BCEDB7700F3D1E0 /* PostsModel.swift */; };
		DF73FE4F2BDE8EFA00328279 /* LauchScreenViewController.swift in Sources */ = {isa = PBXBuildFile; fileRef = DF73FE4E2BDE8EFA00328279 /* LauchScreenViewController.swift */; };
		DF73FE512BDE8F0E00328279 /* LauchScreenView.swift in Sources */ = {isa = PBXBuildFile; fileRef = DF73FE502BDE8F0E00328279 /* LauchScreenView.swift */; };
		DF73FE532BDE8F9B00328279 /* LauchViewModel.swift in Sources */ = {isa = PBXBuildFile; fileRef = DF73FE522BDE8F9B00328279 /* LauchViewModel.swift */; };
		DF73FE582BDEB57600328279 /* DetailViewController.swift in Sources */ = {isa = PBXBuildFile; fileRef = DF73FE572BDEB57600328279 /* DetailViewController.swift */; };
		DF73FE5A2BDEB58300328279 /* DetailView.swift in Sources */ = {isa = PBXBuildFile; fileRef = DF73FE592BDEB58300328279 /* DetailView.swift */; };
		DF73FE5C2BDEB58E00328279 /* DetailViewModel.swift in Sources */ = {isa = PBXBuildFile; fileRef = DF73FE5B2BDEB58E00328279 /* DetailViewModel.swift */; };
		DF73FE602BDEC7EB00328279 /* ScreenState.swift in Sources */ = {isa = PBXBuildFile; fileRef = DF73FE5F2BDEC7EB00328279 /* ScreenState.swift */; };
		DF73FE622BDEE07700328279 /* CommentModel.swift in Sources */ = {isa = PBXBuildFile; fileRef = DF73FE612BDEE07700328279 /* CommentModel.swift */; };
		DF73FE672BDEE32F00328279 /* CommentView.swift in Sources */ = {isa = PBXBuildFile; fileRef = DF73FE662BDEE32F00328279 /* CommentView.swift */; };
		DF73FE692BDEE33A00328279 /* CommentViewController.swift in Sources */ = {isa = PBXBuildFile; fileRef = DF73FE682BDEE33A00328279 /* CommentViewController.swift */; };
		DF73FE6B2BDEE34400328279 /* CommentViewModel.swift in Sources */ = {isa = PBXBuildFile; fileRef = DF73FE6A2BDEE34400328279 /* CommentViewModel.swift */; };
		DF73FE6D2BDEEAFF00328279 /* CommentTableViewCell.swift in Sources */ = {isa = PBXBuildFile; fileRef = DF73FE6C2BDEEAFF00328279 /* CommentTableViewCell.swift */; };
		DF76D1CD2BD23EED00257C38 /* UIViewController+Extension.swift in Sources */ = {isa = PBXBuildFile; fileRef = DF76D1CC2BD23EED00257C38 /* UIViewController+Extension.swift */; };
		DF76D1D02BD2521A00257C38 /* RxGesture in Frameworks */ = {isa = PBXBuildFile; productRef = DF76D1CF2BD2521A00257C38 /* RxGesture */; };
		DF80205D2BDA5DD100473028 /* SearchCollectionViewCell.swift in Sources */ = {isa = PBXBuildFile; fileRef = DF80205C2BDA5DD100473028 /* SearchCollectionViewCell.swift */; };
		DF8020602BDA626300473028 /* Tabman in Frameworks */ = {isa = PBXBuildFile; productRef = DF80205F2BDA626300473028 /* Tabman */; };
		DF8020652BDA629500473028 /* ProfileViewController.swift in Sources */ = {isa = PBXBuildFile; fileRef = DF8020642BDA629500473028 /* ProfileViewController.swift */; };
		DF8020672BDA62A100473028 /* ProfileView.swift in Sources */ = {isa = PBXBuildFile; fileRef = DF8020662BDA62A100473028 /* ProfileView.swift */; };
		DF8020692BDA62AD00473028 /* ProfileViewModel.swift in Sources */ = {isa = PBXBuildFile; fileRef = DF8020682BDA62AD00473028 /* ProfileViewModel.swift */; };
		DF80206B2BDA6DD800473028 /* CountView.swift in Sources */ = {isa = PBXBuildFile; fileRef = DF80206A2BDA6DD800473028 /* CountView.swift */; };
		DF806FA82BD8D8C9006046C8 /* NotificationCenterProtocol.swift in Sources */ = {isa = PBXBuildFile; fileRef = DF806FA72BD8D8C9006046C8 /* NotificationCenterProtocol.swift */; };
		DF806FAA2BD8D8F0006046C8 /* NotificationCenter+Extension.swift in Sources */ = {isa = PBXBuildFile; fileRef = DF806FA92BD8D8F0006046C8 /* NotificationCenter+Extension.swift */; };
		DF806FAD2BD8D971006046C8 /* NotificationCenterManager.swift in Sources */ = {isa = PBXBuildFile; fileRef = DF806FAC2BD8D971006046C8 /* NotificationCenterManager.swift */; };
		DF806FAF2BD8DCDA006046C8 /* UIVewController+RXSwift.swift in Sources */ = {isa = PBXBuildFile; fileRef = DF806FAE2BD8DCDA006046C8 /* UIVewController+RXSwift.swift */; };
		DF806FB12BD8FFE3006046C8 /* KeyChainManager.swift in Sources */ = {isa = PBXBuildFile; fileRef = DF806FB02BD8FFE3006046C8 /* KeyChainManager.swift */; };
		DF806FB62BD92818006046C8 /* SearchViewModel.swift in Sources */ = {isa = PBXBuildFile; fileRef = DF806FB52BD92818006046C8 /* SearchViewModel.swift */; };
		DF806FB82BD92831006046C8 /* SearchViewController.swift in Sources */ = {isa = PBXBuildFile; fileRef = DF806FB72BD92831006046C8 /* SearchViewController.swift */; };
		DF806FBA2BD9283E006046C8 /* SearchView.swift in Sources */ = {isa = PBXBuildFile; fileRef = DF806FB92BD9283E006046C8 /* SearchView.swift */; };
		DF8135BF2BCD1E9900126B9F /* EmailCheckModel.swift in Sources */ = {isa = PBXBuildFile; fileRef = DF8135BE2BCD1E9900126B9F /* EmailCheckModel.swift */; };
		DF82CCD62BCA85800089989E /* ConfigureProtocol.swift in Sources */ = {isa = PBXBuildFile; fileRef = DF82CCD52BCA85800089989E /* ConfigureProtocol.swift */; };
		DF82CCD92BCA87090089989E /* TextFieldView.swift in Sources */ = {isa = PBXBuildFile; fileRef = DF82CCD82BCA87090089989E /* TextFieldView.swift */; };
		DF82CCDB2BCA87910089989E /* InfoLabel.swift in Sources */ = {isa = PBXBuildFile; fileRef = DF82CCDA2BCA87910089989E /* InfoLabel.swift */; };
		DF82CCE02BCA8DA70089989E /* TextFieldViewModel.swift in Sources */ = {isa = PBXBuildFile; fileRef = DF82CCDF2BCA8DA70089989E /* TextFieldViewModel.swift */; };
		DF82CCE22BCA8DF80089989E /* ViewModelType.swift in Sources */ = {isa = PBXBuildFile; fileRef = DF82CCE12BCA8DF80089989E /* ViewModelType.swift */; };
		DF82CCE42BCA9CAB0089989E /* SignInViewModel.swift in Sources */ = {isa = PBXBuildFile; fileRef = DF82CCE32BCA9CAB0089989E /* SignInViewModel.swift */; };
		DF82CCE72BCA9E9E0089989E /* Headers.swift in Sources */ = {isa = PBXBuildFile; fileRef = DF82CCE62BCA9E9E0089989E /* Headers.swift */; };
		DF82CCE92BCA9ECA0089989E /* APIKey.swift in Sources */ = {isa = PBXBuildFile; fileRef = DF82CCE82BCA9ECA0089989E /* APIKey.swift */; };
		DF82CCEB2BCA9EE10089989E /* NetworkVersion.swift in Sources */ = {isa = PBXBuildFile; fileRef = DF82CCEA2BCA9EE10089989E /* NetworkVersion.swift */; };
		DF82CCEE2BCA9F0B0089989E /* TokenModel.swift in Sources */ = {isa = PBXBuildFile; fileRef = DF82CCED2BCA9F0B0089989E /* TokenModel.swift */; };
		DF82CCF02BCA9F190089989E /* LoginQuery.swift in Sources */ = {isa = PBXBuildFile; fileRef = DF82CCEF2BCA9F190089989E /* LoginQuery.swift */; };
		DF82CCF32BCA9F480089989E /* NetworkManager.swift in Sources */ = {isa = PBXBuildFile; fileRef = DF82CCF22BCA9F480089989E /* NetworkManager.swift */; };
		DF82CCF52BCA9F670089989E /* Router.swift in Sources */ = {isa = PBXBuildFile; fileRef = DF82CCF42BCA9F670089989E /* Router.swift */; };
		DF82CCF72BCA9F7E0089989E /* TargetType.swift in Sources */ = {isa = PBXBuildFile; fileRef = DF82CCF62BCA9F7E0089989E /* TargetType.swift */; };
		DF839D582BC93B94001FE924 /* AppDelegate.swift in Sources */ = {isa = PBXBuildFile; fileRef = DF839D572BC93B94001FE924 /* AppDelegate.swift */; };
		DF839D5A2BC93B94001FE924 /* SceneDelegate.swift in Sources */ = {isa = PBXBuildFile; fileRef = DF839D592BC93B94001FE924 /* SceneDelegate.swift */; };
		DF839D5F2BC93B94001FE924 /* Base in Resources */ = {isa = PBXBuildFile; fileRef = DF839D5E2BC93B94001FE924 /* Base */; };
		DF839D612BC93B97001FE924 /* Assets.xcassets in Resources */ = {isa = PBXBuildFile; fileRef = DF839D602BC93B97001FE924 /* Assets.xcassets */; };
		DF839D642BC93B97001FE924 /* Base in Resources */ = {isa = PBXBuildFile; fileRef = DF839D632BC93B97001FE924 /* Base */; };
		DF839D6C2BC93BC9001FE924 /* .gitignore in Resources */ = {isa = PBXBuildFile; fileRef = DF839D6B2BC93BC9001FE924 /* .gitignore */; };
		DF839D6F2BC93C67001FE924 /* SnapKit in Frameworks */ = {isa = PBXBuildFile; productRef = DF839D6E2BC93C67001FE924 /* SnapKit */; };
		DF839D722BC93C72001FE924 /* Then in Frameworks */ = {isa = PBXBuildFile; productRef = DF839D712BC93C72001FE924 /* Then */; };
		DF839D752BC93C93001FE924 /* RxCocoa in Frameworks */ = {isa = PBXBuildFile; productRef = DF839D742BC93C93001FE924 /* RxCocoa */; };
		DF839D772BC93C93001FE924 /* RxSwift in Frameworks */ = {isa = PBXBuildFile; productRef = DF839D762BC93C93001FE924 /* RxSwift */; };
		DF839D7A2BC93CA4001FE924 /* TextFieldEffects in Frameworks */ = {isa = PBXBuildFile; productRef = DF839D792BC93CA4001FE924 /* TextFieldEffects */; };
		DF839D7D2BC93CB3001FE924 /* IQKeyboardManagerSwift in Frameworks */ = {isa = PBXBuildFile; productRef = DF839D7C2BC93CB3001FE924 /* IQKeyboardManagerSwift */; };
		DF839D802BC93CC2001FE924 /* Alamofire in Frameworks */ = {isa = PBXBuildFile; productRef = DF839D7F2BC93CC2001FE924 /* Alamofire */; };
		DF839D842BC93D2C001FE924 /* BaseView.swift in Sources */ = {isa = PBXBuildFile; fileRef = DF839D832BC93D2C001FE924 /* BaseView.swift */; };
		DF839D862BC93D3E001FE924 /* BaseController.swift in Sources */ = {isa = PBXBuildFile; fileRef = DF839D852BC93D3E001FE924 /* BaseController.swift */; };
		DF839D8B2BC93DC1001FE924 /* SignInViewController.swift in Sources */ = {isa = PBXBuildFile; fileRef = DF839D8A2BC93DC1001FE924 /* SignInViewController.swift */; };
		DF839D8D2BC93DCF001FE924 /* SignInView.swift in Sources */ = {isa = PBXBuildFile; fileRef = DF839D8C2BC93DCF001FE924 /* SignInView.swift */; };
		DF856B442BD18B1200221DFA /* Toast in Frameworks */ = {isa = PBXBuildFile; productRef = DF856B432BD18B1200221DFA /* Toast */; };
		DF87DD5A2BDCE0E3006C53DC /* ModifyViewController.swift in Sources */ = {isa = PBXBuildFile; fileRef = DF87DD592BDCE0E3006C53DC /* ModifyViewController.swift */; };
		DF87DD5C2BDCE0EC006C53DC /* ModifyView.swift in Sources */ = {isa = PBXBuildFile; fileRef = DF87DD5B2BDCE0EC006C53DC /* ModifyView.swift */; };
		DF87DD5E2BDCE11C006C53DC /* ModifyViewModel.swift in Sources */ = {isa = PBXBuildFile; fileRef = DF87DD5D2BDCE11C006C53DC /* ModifyViewModel.swift */; };
		DF87DD602BDD78F2006C53DC /* ModifyProfileModel.swift in Sources */ = {isa = PBXBuildFile; fileRef = DF87DD5F2BDD78F2006C53DC /* ModifyProfileModel.swift */; };
		DF88FEA32BDB811400FB9C24 /* ProfileModel.swift in Sources */ = {isa = PBXBuildFile; fileRef = DF88FEA22BDB811400FB9C24 /* ProfileModel.swift */; };
		DF892AC02BCC44B8006C69AA /* SignUpViewModel.swift in Sources */ = {isa = PBXBuildFile; fileRef = DF892ABF2BCC44B8006C69AA /* SignUpViewModel.swift */; };
		DF892AC32BCC50B7006C69AA /* String+Extension.swift in Sources */ = {isa = PBXBuildFile; fileRef = DF892AC22BCC50B7006C69AA /* String+Extension.swift */; };
		DF8DFF202BDFE054009BC7C4 /* TabBarViewController.swift in Sources */ = {isa = PBXBuildFile; fileRef = DF8DFF1F2BDFE054009BC7C4 /* TabBarViewController.swift */; };
		DF8DFF222BDFFE46009BC7C4 /* FollowingModel.swift in Sources */ = {isa = PBXBuildFile; fileRef = DF8DFF212BDFFE46009BC7C4 /* FollowingModel.swift */; };
		DF8E464B2BD56CE900606390 /* HomeViewController.swift in Sources */ = {isa = PBXBuildFile; fileRef = DF8E464A2BD56CE900606390 /* HomeViewController.swift */; };
		DF8E464D2BD56CF800606390 /* HomeViewModel.swift in Sources */ = {isa = PBXBuildFile; fileRef = DF8E464C2BD56CF800606390 /* HomeViewModel.swift */; };
		DF8E464F2BD56D0700606390 /* HomeView.swift in Sources */ = {isa = PBXBuildFile; fileRef = DF8E464E2BD56D0700606390 /* HomeView.swift */; };
		DF8E46512BD578BC00606390 /* UILabel+Extension.swift in Sources */ = {isa = PBXBuildFile; fileRef = DF8E46502BD578BC00606390 /* UILabel+Extension.swift */; };
		DF95A51B2BD0FA4D00E6FCC4 /* PostingView.swift in Sources */ = {isa = PBXBuildFile; fileRef = DF95A51A2BD0FA4D00E6FCC4 /* PostingView.swift */; };
		DF95A51D2BD0FA5B00E6FCC4 /* PostingViewController.swift in Sources */ = {isa = PBXBuildFile; fileRef = DF95A51C2BD0FA5B00E6FCC4 /* PostingViewController.swift */; };
		DF95A51F2BD0FA6700E6FCC4 /* PostingViewModel.swift in Sources */ = {isa = PBXBuildFile; fileRef = DF95A51E2BD0FA6700E6FCC4 /* PostingViewModel.swift */; };
		DF9CC6D22BD767DE00DF808A /* HomeTableCellViewModel.swift in Sources */ = {isa = PBXBuildFile; fileRef = DF9CC6D12BD767DE00DF808A /* HomeTableCellViewModel.swift */; };
		DF9CC6D42BD7694A00DF808A /* LikeQuery.swift in Sources */ = {isa = PBXBuildFile; fileRef = DF9CC6D32BD7694A00DF808A /* LikeQuery.swift */; };
		DF9CC6DE2BD7CA5C00DF808A /* LikeDatas.swift in Sources */ = {isa = PBXBuildFile; fileRef = DF9CC6DD2BD7CA5C00DF808A /* LikeDatas.swift */; };
		DFADFCBF2BE36B29006367FE /* NoDataView.swift in Sources */ = {isa = PBXBuildFile; fileRef = DFADFCBE2BE36B29006367FE /* NoDataView.swift */; };
		DFADFCC12BE3820E006367FE /* HomeModel.swift in Sources */ = {isa = PBXBuildFile; fileRef = DFADFCC02BE3820E006367FE /* HomeModel.swift */; };
		DFC680B52BE29D5C000CC3AD /* UISearchBar+Extension.swift in Sources */ = {isa = PBXBuildFile; fileRef = DFC680B42BE29D5C000CC3AD /* UISearchBar+Extension.swift */; };
/* End PBXBuildFile section */

/* Begin PBXFileReference section */
		DF43904F2BD6544100520CF7 /* UIScreen+Extension.swift */ = {isa = PBXFileReference; lastKnownFileType = sourcecode.swift; path = "UIScreen+Extension.swift"; sourceTree = "<group>"; };
		DF4390512BD66CD800520CF7 /* HomeTableViewCell.swift */ = {isa = PBXFileReference; lastKnownFileType = sourcecode.swift; path = HomeTableViewCell.swift; sourceTree = "<group>"; };
		DF4390532BD66D2200520CF7 /* ReusableProtocol.swift */ = {isa = PBXFileReference; lastKnownFileType = sourcecode.swift; path = ReusableProtocol.swift; sourceTree = "<group>"; };
		DF4390552BD66D4800520CF7 /* UIView+Extension.swift */ = {isa = PBXFileReference; lastKnownFileType = sourcecode.swift; path = "UIView+Extension.swift"; sourceTree = "<group>"; };
		DF46AEA12BE572330025B43F /* PostingModel.swift */ = {isa = PBXFileReference; lastKnownFileType = sourcecode.swift; path = PostingModel.swift; sourceTree = "<group>"; };
		DF5FDA8D2BD418520013E1D3 /* UIImage+Extension.swift */ = {isa = PBXFileReference; lastKnownFileType = sourcecode.swift; path = "UIImage+Extension.swift"; sourceTree = "<group>"; };
		DF5FDA8F2BD43D6F0013E1D3 /* ImageFilesModel.swift */ = {isa = PBXFileReference; lastKnownFileType = sourcecode.swift; path = ImageFilesModel.swift; sourceTree = "<group>"; };
		DF6367DE2BCB8F480087A075 /* NetworkError.swift */ = {isa = PBXFileReference; lastKnownFileType = sourcecode.swift; path = NetworkError.swift; sourceTree = "<group>"; };
		DF6367E02BCBD0CA0087A075 /* SignUpModel.swift */ = {isa = PBXFileReference; lastKnownFileType = sourcecode.swift; path = SignUpModel.swift; sourceTree = "<group>"; };
		DF6367E32BCBD1A90087A075 /* SignUpViewController.swift */ = {isa = PBXFileReference; lastKnownFileType = sourcecode.swift; path = SignUpViewController.swift; sourceTree = "<group>"; };
		DF6367E52BCBD1B90087A075 /* SignUpView.swift */ = {isa = PBXFileReference; lastKnownFileType = sourcecode.swift; path = SignUpView.swift; sourceTree = "<group>"; };
		DF6367E72BCBE28B0087A075 /* HelperView.swift */ = {isa = PBXFileReference; lastKnownFileType = sourcecode.swift; path = HelperView.swift; sourceTree = "<group>"; };
		DF6367E92BCBF3030087A075 /* TextViewWithHelperView.swift */ = {isa = PBXFileReference; lastKnownFileType = sourcecode.swift; path = TextViewWithHelperView.swift; sourceTree = "<group>"; };
		DF6367EB2BCBF3540087A075 /* TextWithHelperViewModel.swift */ = {isa = PBXFileReference; lastKnownFileType = sourcecode.swift; path = TextWithHelperViewModel.swift; sourceTree = "<group>"; };
		DF690D962BCECA7700F3D1E0 /* NetworkInterceptor.swift */ = {isa = PBXFileReference; lastKnownFileType = sourcecode.swift; path = NetworkInterceptor.swift; sourceTree = "<group>"; };
		DF690D9A2BCEDB7700F3D1E0 /* PostsModel.swift */ = {isa = PBXFileReference; lastKnownFileType = sourcecode.swift; path = PostsModel.swift; sourceTree = "<group>"; };
		DF73FE4E2BDE8EFA00328279 /* LauchScreenViewController.swift */ = {isa = PBXFileReference; lastKnownFileType = sourcecode.swift; path = LauchScreenViewController.swift; sourceTree = "<group>"; };
		DF73FE502BDE8F0E00328279 /* LauchScreenView.swift */ = {isa = PBXFileReference; lastKnownFileType = sourcecode.swift; path = LauchScreenView.swift; sourceTree = "<group>"; };
		DF73FE522BDE8F9B00328279 /* LauchViewModel.swift */ = {isa = PBXFileReference; lastKnownFileType = sourcecode.swift; path = LauchViewModel.swift; sourceTree = "<group>"; };
		DF73FE572BDEB57600328279 /* DetailViewController.swift */ = {isa = PBXFileReference; lastKnownFileType = sourcecode.swift; path = DetailViewController.swift; sourceTree = "<group>"; };
		DF73FE592BDEB58300328279 /* DetailView.swift */ = {isa = PBXFileReference; lastKnownFileType = sourcecode.swift; path = DetailView.swift; sourceTree = "<group>"; };
		DF73FE5B2BDEB58E00328279 /* DetailViewModel.swift */ = {isa = PBXFileReference; lastKnownFileType = sourcecode.swift; path = DetailViewModel.swift; sourceTree = "<group>"; };
		DF73FE5F2BDEC7EB00328279 /* ScreenState.swift */ = {isa = PBXFileReference; lastKnownFileType = sourcecode.swift; path = ScreenState.swift; sourceTree = "<group>"; };
		DF73FE612BDEE07700328279 /* CommentModel.swift */ = {isa = PBXFileReference; lastKnownFileType = sourcecode.swift; path = CommentModel.swift; sourceTree = "<group>"; };
		DF73FE662BDEE32F00328279 /* CommentView.swift */ = {isa = PBXFileReference; lastKnownFileType = sourcecode.swift; path = CommentView.swift; sourceTree = "<group>"; };
		DF73FE682BDEE33A00328279 /* CommentViewController.swift */ = {isa = PBXFileReference; lastKnownFileType = sourcecode.swift; path = CommentViewController.swift; sourceTree = "<group>"; };
		DF73FE6A2BDEE34400328279 /* CommentViewModel.swift */ = {isa = PBXFileReference; lastKnownFileType = sourcecode.swift; path = CommentViewModel.swift; sourceTree = "<group>"; };
		DF73FE6C2BDEEAFF00328279 /* CommentTableViewCell.swift */ = {isa = PBXFileReference; lastKnownFileType = sourcecode.swift; path = CommentTableViewCell.swift; sourceTree = "<group>"; };
		DF76D1CC2BD23EED00257C38 /* UIViewController+Extension.swift */ = {isa = PBXFileReference; lastKnownFileType = sourcecode.swift; path = "UIViewController+Extension.swift"; sourceTree = "<group>"; };
		DF80205C2BDA5DD100473028 /* SearchCollectionViewCell.swift */ = {isa = PBXFileReference; lastKnownFileType = sourcecode.swift; path = SearchCollectionViewCell.swift; sourceTree = "<group>"; };
		DF8020642BDA629500473028 /* ProfileViewController.swift */ = {isa = PBXFileReference; lastKnownFileType = sourcecode.swift; path = ProfileViewController.swift; sourceTree = "<group>"; };
		DF8020662BDA62A100473028 /* ProfileView.swift */ = {isa = PBXFileReference; lastKnownFileType = sourcecode.swift; path = ProfileView.swift; sourceTree = "<group>"; };
		DF8020682BDA62AD00473028 /* ProfileViewModel.swift */ = {isa = PBXFileReference; lastKnownFileType = sourcecode.swift; path = ProfileViewModel.swift; sourceTree = "<group>"; };
		DF80206A2BDA6DD800473028 /* CountView.swift */ = {isa = PBXFileReference; lastKnownFileType = sourcecode.swift; path = CountView.swift; sourceTree = "<group>"; };
		DF806FA72BD8D8C9006046C8 /* NotificationCenterProtocol.swift */ = {isa = PBXFileReference; lastKnownFileType = sourcecode.swift; path = NotificationCenterProtocol.swift; sourceTree = "<group>"; };
		DF806FA92BD8D8F0006046C8 /* NotificationCenter+Extension.swift */ = {isa = PBXFileReference; lastKnownFileType = sourcecode.swift; path = "NotificationCenter+Extension.swift"; sourceTree = "<group>"; };
		DF806FAC2BD8D971006046C8 /* NotificationCenterManager.swift */ = {isa = PBXFileReference; lastKnownFileType = sourcecode.swift; path = NotificationCenterManager.swift; sourceTree = "<group>"; };
		DF806FAE2BD8DCDA006046C8 /* UIVewController+RXSwift.swift */ = {isa = PBXFileReference; lastKnownFileType = sourcecode.swift; path = "UIVewController+RXSwift.swift"; sourceTree = "<group>"; };
		DF806FB02BD8FFE3006046C8 /* KeyChainManager.swift */ = {isa = PBXFileReference; lastKnownFileType = sourcecode.swift; path = KeyChainManager.swift; sourceTree = "<group>"; };
		DF806FB52BD92818006046C8 /* SearchViewModel.swift */ = {isa = PBXFileReference; lastKnownFileType = sourcecode.swift; path = SearchViewModel.swift; sourceTree = "<group>"; };
		DF806FB72BD92831006046C8 /* SearchViewController.swift */ = {isa = PBXFileReference; lastKnownFileType = sourcecode.swift; path = SearchViewController.swift; sourceTree = "<group>"; };
		DF806FB92BD9283E006046C8 /* SearchView.swift */ = {isa = PBXFileReference; lastKnownFileType = sourcecode.swift; path = SearchView.swift; sourceTree = "<group>"; };
		DF8135BE2BCD1E9900126B9F /* EmailCheckModel.swift */ = {isa = PBXFileReference; lastKnownFileType = sourcecode.swift; path = EmailCheckModel.swift; sourceTree = "<group>"; };
		DF82CCD52BCA85800089989E /* ConfigureProtocol.swift */ = {isa = PBXFileReference; lastKnownFileType = sourcecode.swift; path = ConfigureProtocol.swift; sourceTree = "<group>"; };
		DF82CCD82BCA87090089989E /* TextFieldView.swift */ = {isa = PBXFileReference; lastKnownFileType = sourcecode.swift; path = TextFieldView.swift; sourceTree = "<group>"; };
		DF82CCDA2BCA87910089989E /* InfoLabel.swift */ = {isa = PBXFileReference; lastKnownFileType = sourcecode.swift; path = InfoLabel.swift; sourceTree = "<group>"; };
		DF82CCDF2BCA8DA70089989E /* TextFieldViewModel.swift */ = {isa = PBXFileReference; lastKnownFileType = sourcecode.swift; path = TextFieldViewModel.swift; sourceTree = "<group>"; };
		DF82CCE12BCA8DF80089989E /* ViewModelType.swift */ = {isa = PBXFileReference; lastKnownFileType = sourcecode.swift; path = ViewModelType.swift; sourceTree = "<group>"; };
		DF82CCE32BCA9CAB0089989E /* SignInViewModel.swift */ = {isa = PBXFileReference; lastKnownFileType = sourcecode.swift; path = SignInViewModel.swift; sourceTree = "<group>"; };
		DF82CCE62BCA9E9E0089989E /* Headers.swift */ = {isa = PBXFileReference; lastKnownFileType = sourcecode.swift; path = Headers.swift; sourceTree = "<group>"; };
		DF82CCE82BCA9ECA0089989E /* APIKey.swift */ = {isa = PBXFileReference; lastKnownFileType = sourcecode.swift; path = APIKey.swift; sourceTree = "<group>"; };
		DF82CCEA2BCA9EE10089989E /* NetworkVersion.swift */ = {isa = PBXFileReference; lastKnownFileType = sourcecode.swift; path = NetworkVersion.swift; sourceTree = "<group>"; };
		DF82CCED2BCA9F0B0089989E /* TokenModel.swift */ = {isa = PBXFileReference; lastKnownFileType = sourcecode.swift; path = TokenModel.swift; sourceTree = "<group>"; };
		DF82CCEF2BCA9F190089989E /* LoginQuery.swift */ = {isa = PBXFileReference; lastKnownFileType = sourcecode.swift; path = LoginQuery.swift; sourceTree = "<group>"; };
		DF82CCF22BCA9F480089989E /* NetworkManager.swift */ = {isa = PBXFileReference; lastKnownFileType = sourcecode.swift; path = NetworkManager.swift; sourceTree = "<group>"; };
		DF82CCF42BCA9F670089989E /* Router.swift */ = {isa = PBXFileReference; lastKnownFileType = sourcecode.swift; path = Router.swift; sourceTree = "<group>"; };
		DF82CCF62BCA9F7E0089989E /* TargetType.swift */ = {isa = PBXFileReference; lastKnownFileType = sourcecode.swift; path = TargetType.swift; sourceTree = "<group>"; };
		DF839D542BC93B94001FE924 /* RealHealthKing.app */ = {isa = PBXFileReference; explicitFileType = wrapper.application; includeInIndex = 0; path = RealHealthKing.app; sourceTree = BUILT_PRODUCTS_DIR; };
		DF839D572BC93B94001FE924 /* AppDelegate.swift */ = {isa = PBXFileReference; lastKnownFileType = sourcecode.swift; path = AppDelegate.swift; sourceTree = "<group>"; };
		DF839D592BC93B94001FE924 /* SceneDelegate.swift */ = {isa = PBXFileReference; lastKnownFileType = sourcecode.swift; path = SceneDelegate.swift; sourceTree = "<group>"; };
		DF839D5E2BC93B94001FE924 /* Base */ = {isa = PBXFileReference; lastKnownFileType = file.storyboard; name = Base; path = Base.lproj/Main.storyboard; sourceTree = "<group>"; };
		DF839D602BC93B97001FE924 /* Assets.xcassets */ = {isa = PBXFileReference; lastKnownFileType = folder.assetcatalog; path = Assets.xcassets; sourceTree = "<group>"; };
		DF839D632BC93B97001FE924 /* Base */ = {isa = PBXFileReference; lastKnownFileType = file.storyboard; name = Base; path = Base.lproj/LaunchScreen.storyboard; sourceTree = "<group>"; };
		DF839D652BC93B97001FE924 /* Info.plist */ = {isa = PBXFileReference; lastKnownFileType = text.plist.xml; path = Info.plist; sourceTree = "<group>"; };
		DF839D6B2BC93BC9001FE924 /* .gitignore */ = {isa = PBXFileReference; lastKnownFileType = text; path = .gitignore; sourceTree = "<group>"; };
		DF839D832BC93D2C001FE924 /* BaseView.swift */ = {isa = PBXFileReference; lastKnownFileType = sourcecode.swift; path = BaseView.swift; sourceTree = "<group>"; };
		DF839D852BC93D3E001FE924 /* BaseController.swift */ = {isa = PBXFileReference; lastKnownFileType = sourcecode.swift; path = BaseController.swift; sourceTree = "<group>"; };
		DF839D8A2BC93DC1001FE924 /* SignInViewController.swift */ = {isa = PBXFileReference; lastKnownFileType = sourcecode.swift; path = SignInViewController.swift; sourceTree = "<group>"; };
		DF839D8C2BC93DCF001FE924 /* SignInView.swift */ = {isa = PBXFileReference; lastKnownFileType = sourcecode.swift; path = SignInView.swift; sourceTree = "<group>"; };
		DF87DD592BDCE0E3006C53DC /* ModifyViewController.swift */ = {isa = PBXFileReference; lastKnownFileType = sourcecode.swift; path = ModifyViewController.swift; sourceTree = "<group>"; };
		DF87DD5B2BDCE0EC006C53DC /* ModifyView.swift */ = {isa = PBXFileReference; lastKnownFileType = sourcecode.swift; path = ModifyView.swift; sourceTree = "<group>"; };
		DF87DD5D2BDCE11C006C53DC /* ModifyViewModel.swift */ = {isa = PBXFileReference; lastKnownFileType = sourcecode.swift; path = ModifyViewModel.swift; sourceTree = "<group>"; };
		DF87DD5F2BDD78F2006C53DC /* ModifyProfileModel.swift */ = {isa = PBXFileReference; lastKnownFileType = sourcecode.swift; path = ModifyProfileModel.swift; sourceTree = "<group>"; };
		DF88FEA22BDB811400FB9C24 /* ProfileModel.swift */ = {isa = PBXFileReference; lastKnownFileType = sourcecode.swift; path = ProfileModel.swift; sourceTree = "<group>"; };
		DF892ABF2BCC44B8006C69AA /* SignUpViewModel.swift */ = {isa = PBXFileReference; lastKnownFileType = sourcecode.swift; path = SignUpViewModel.swift; sourceTree = "<group>"; };
		DF892AC22BCC50B7006C69AA /* String+Extension.swift */ = {isa = PBXFileReference; lastKnownFileType = sourcecode.swift; path = "String+Extension.swift"; sourceTree = "<group>"; };
		DF8DFF1F2BDFE054009BC7C4 /* TabBarViewController.swift */ = {isa = PBXFileReference; lastKnownFileType = sourcecode.swift; path = TabBarViewController.swift; sourceTree = "<group>"; };
		DF8DFF212BDFFE46009BC7C4 /* FollowingModel.swift */ = {isa = PBXFileReference; lastKnownFileType = sourcecode.swift; path = FollowingModel.swift; sourceTree = "<group>"; };
		DF8E464A2BD56CE900606390 /* HomeViewController.swift */ = {isa = PBXFileReference; lastKnownFileType = sourcecode.swift; path = HomeViewController.swift; sourceTree = "<group>"; };
		DF8E464C2BD56CF800606390 /* HomeViewModel.swift */ = {isa = PBXFileReference; lastKnownFileType = sourcecode.swift; path = HomeViewModel.swift; sourceTree = "<group>"; };
		DF8E464E2BD56D0700606390 /* HomeView.swift */ = {isa = PBXFileReference; lastKnownFileType = sourcecode.swift; path = HomeView.swift; sourceTree = "<group>"; };
		DF8E46502BD578BC00606390 /* UILabel+Extension.swift */ = {isa = PBXFileReference; lastKnownFileType = sourcecode.swift; path = "UILabel+Extension.swift"; sourceTree = "<group>"; };
		DF95A51A2BD0FA4D00E6FCC4 /* PostingView.swift */ = {isa = PBXFileReference; lastKnownFileType = sourcecode.swift; path = PostingView.swift; sourceTree = "<group>"; };
		DF95A51C2BD0FA5B00E6FCC4 /* PostingViewController.swift */ = {isa = PBXFileReference; lastKnownFileType = sourcecode.swift; path = PostingViewController.swift; sourceTree = "<group>"; };
		DF95A51E2BD0FA6700E6FCC4 /* PostingViewModel.swift */ = {isa = PBXFileReference; lastKnownFileType = sourcecode.swift; path = PostingViewModel.swift; sourceTree = "<group>"; };
		DF9CC6D12BD767DE00DF808A /* HomeTableCellViewModel.swift */ = {isa = PBXFileReference; lastKnownFileType = sourcecode.swift; path = HomeTableCellViewModel.swift; sourceTree = "<group>"; };
		DF9CC6D32BD7694A00DF808A /* LikeQuery.swift */ = {isa = PBXFileReference; lastKnownFileType = sourcecode.swift; path = LikeQuery.swift; sourceTree = "<group>"; };
		DF9CC6DD2BD7CA5C00DF808A /* LikeDatas.swift */ = {isa = PBXFileReference; lastKnownFileType = sourcecode.swift; path = LikeDatas.swift; sourceTree = "<group>"; };
		DFADFCBE2BE36B29006367FE /* NoDataView.swift */ = {isa = PBXFileReference; lastKnownFileType = sourcecode.swift; path = NoDataView.swift; sourceTree = "<group>"; };
		DFADFCC02BE3820E006367FE /* HomeModel.swift */ = {isa = PBXFileReference; lastKnownFileType = sourcecode.swift; path = HomeModel.swift; sourceTree = "<group>"; };
		DFC680B42BE29D5C000CC3AD /* UISearchBar+Extension.swift */ = {isa = PBXFileReference; lastKnownFileType = sourcecode.swift; path = "UISearchBar+Extension.swift"; sourceTree = "<group>"; };
/* End PBXFileReference section */

/* Begin PBXFrameworksBuildPhase section */
		DF839D512BC93B94001FE924 /* Frameworks */ = {
			isa = PBXFrameworksBuildPhase;
			buildActionMask = 2147483647;
			files = (
				DF839D752BC93C93001FE924 /* RxCocoa in Frameworks */,
				DF839D802BC93CC2001FE924 /* Alamofire in Frameworks */,
				DF76D1D02BD2521A00257C38 /* RxGesture in Frameworks */,
				DF839D6F2BC93C67001FE924 /* SnapKit in Frameworks */,
				DF856B442BD18B1200221DFA /* Toast in Frameworks */,
				DF8020602BDA626300473028 /* Tabman in Frameworks */,
				DF839D772BC93C93001FE924 /* RxSwift in Frameworks */,
				DF839D722BC93C72001FE924 /* Then in Frameworks */,
				DF839D7A2BC93CA4001FE924 /* TextFieldEffects in Frameworks */,
				DF43904E2BD63BBB00520CF7 /* Kingfisher in Frameworks */,
				DF690D952BCECA3E00F3D1E0 /* KeychainSwift in Frameworks */,
				DF839D7D2BC93CB3001FE924 /* IQKeyboardManagerSwift in Frameworks */,
			);
			runOnlyForDeploymentPostprocessing = 0;
		};
/* End PBXFrameworksBuildPhase section */

/* Begin PBXGroup section */
		DF46AEA02BE572260025B43F /* Model */ = {
			isa = PBXGroup;
			children = (
				DF46AEA12BE572330025B43F /* PostingModel.swift */,
			);
			path = Model;
			sourceTree = "<group>";
		};
		DF6367E22BCBD1930087A075 /* SignUp */ = {
			isa = PBXGroup;
			children = (
				DF892ABE2BCC44A7006C69AA /* SignUpViewModel */,
				DF892ABD2BCC449A006C69AA /* SignUpView */,
			);
			path = SignUp;
			sourceTree = "<group>";
		};
		DF73FE4B2BDE8ECA00328279 /* Launch */ = {
			isa = PBXGroup;
			children = (
				DF73FE4D2BDE8EDD00328279 /* ViewModel */,
				DF73FE4C2BDE8ED600328279 /* View */,
			);
			path = Launch;
			sourceTree = "<group>";
		};
		DF73FE4C2BDE8ED600328279 /* View */ = {
			isa = PBXGroup;
			children = (
				DF73FE4E2BDE8EFA00328279 /* LauchScreenViewController.swift */,
				DF73FE502BDE8F0E00328279 /* LauchScreenView.swift */,
			);
			path = View;
			sourceTree = "<group>";
		};
		DF73FE4D2BDE8EDD00328279 /* ViewModel */ = {
			isa = PBXGroup;
			children = (
				DF73FE522BDE8F9B00328279 /* LauchViewModel.swift */,
			);
			path = ViewModel;
			sourceTree = "<group>";
		};
		DF73FE542BDEB53400328279 /* Detail */ = {
			isa = PBXGroup;
			children = (
				DF73FE562BDEB55E00328279 /* ViewModel */,
				DF73FE552BDEB55900328279 /* View */,
			);
			path = Detail;
			sourceTree = "<group>";
		};
		DF73FE552BDEB55900328279 /* View */ = {
			isa = PBXGroup;
			children = (
				DF73FE572BDEB57600328279 /* DetailViewController.swift */,
				DF73FE592BDEB58300328279 /* DetailView.swift */,
			);
			path = View;
			sourceTree = "<group>";
		};
		DF73FE562BDEB55E00328279 /* ViewModel */ = {
			isa = PBXGroup;
			children = (
				DF73FE5B2BDEB58E00328279 /* DetailViewModel.swift */,
			);
			path = ViewModel;
			sourceTree = "<group>";
		};
		DF73FE632BDEE31300328279 /* Comment */ = {
			isa = PBXGroup;
			children = (
				DF73FE652BDEE32200328279 /* ViewModel */,
				DF73FE642BDEE31E00328279 /* View */,
			);
			path = Comment;
			sourceTree = "<group>";
		};
		DF73FE642BDEE31E00328279 /* View */ = {
			isa = PBXGroup;
			children = (
				DF73FE662BDEE32F00328279 /* CommentView.swift */,
				DF73FE682BDEE33A00328279 /* CommentViewController.swift */,
				DF73FE6C2BDEEAFF00328279 /* CommentTableViewCell.swift */,
			);
			path = View;
			sourceTree = "<group>";
		};
		DF73FE652BDEE32200328279 /* ViewModel */ = {
			isa = PBXGroup;
			children = (
				DF73FE6A2BDEE34400328279 /* CommentViewModel.swift */,
			);
			path = ViewModel;
			sourceTree = "<group>";
		};
		DF772DED2BD5057D00DD47B7 /* Home */ = {
			isa = PBXGroup;
			children = (
				DFADFCC22BE38211006367FE /* Model */,
				DF772DEF2BD5059C00DD47B7 /* View */,
				DF772DEE2BD5059400DD47B7 /* ViewModel */,
			);
			path = Home;
			sourceTree = "<group>";
		};
		DF772DEE2BD5059400DD47B7 /* ViewModel */ = {
			isa = PBXGroup;
			children = (
				DF8E464C2BD56CF800606390 /* HomeViewModel.swift */,
				DF9CC6D12BD767DE00DF808A /* HomeTableCellViewModel.swift */,
			);
			path = ViewModel;
			sourceTree = "<group>";
		};
		DF772DEF2BD5059C00DD47B7 /* View */ = {
			isa = PBXGroup;
			children = (
				DF8E464A2BD56CE900606390 /* HomeViewController.swift */,
				DF8E464E2BD56D0700606390 /* HomeView.swift */,
				DF4390512BD66CD800520CF7 /* HomeTableViewCell.swift */,
			);
			path = View;
			sourceTree = "<group>";
		};
		DF8020612BDA626A00473028 /* Profile */ = {
			isa = PBXGroup;
			children = (
				DF8020632BDA627D00473028 /* ProfileViewModel */,
				DF8020622BDA627700473028 /* ProfileView */,
			);
			path = Profile;
			sourceTree = "<group>";
		};
		DF8020622BDA627700473028 /* ProfileView */ = {
			isa = PBXGroup;
			children = (
				DF8020642BDA629500473028 /* ProfileViewController.swift */,
				DF8020662BDA62A100473028 /* ProfileView.swift */,
			);
			path = ProfileView;
			sourceTree = "<group>";
		};
		DF8020632BDA627D00473028 /* ProfileViewModel */ = {
			isa = PBXGroup;
			children = (
				DF8020682BDA62AD00473028 /* ProfileViewModel.swift */,
			);
			path = ProfileViewModel;
			sourceTree = "<group>";
		};
		DF806FAB2BD8D95D006046C8 /* Enum */ = {
			isa = PBXGroup;
			children = (
				DF806FAC2BD8D971006046C8 /* NotificationCenterManager.swift */,
				DF806FB02BD8FFE3006046C8 /* KeyChainManager.swift */,
				DF73FE5F2BDEC7EB00328279 /* ScreenState.swift */,
			);
			path = Enum;
			sourceTree = "<group>";
		};
		DF806FB22BD927E1006046C8 /* Search */ = {
			isa = PBXGroup;
			children = (
				DF806FB42BD927FB006046C8 /* ViewModel */,
				DF806FB32BD927F5006046C8 /* View */,
			);
			path = Search;
			sourceTree = "<group>";
		};
		DF806FB32BD927F5006046C8 /* View */ = {
			isa = PBXGroup;
			children = (
				DF806FB72BD92831006046C8 /* SearchViewController.swift */,
				DF806FB92BD9283E006046C8 /* SearchView.swift */,
				DF80205C2BDA5DD100473028 /* SearchCollectionViewCell.swift */,
			);
			path = View;
			sourceTree = "<group>";
		};
		DF806FB42BD927FB006046C8 /* ViewModel */ = {
			isa = PBXGroup;
			children = (
				DF806FB52BD92818006046C8 /* SearchViewModel.swift */,
			);
			path = ViewModel;
			sourceTree = "<group>";
		};
		DF82CCD42BCA85660089989E /* Protocol */ = {
			isa = PBXGroup;
			children = (
				DF82CCD52BCA85800089989E /* ConfigureProtocol.swift */,
				DF82CCE12BCA8DF80089989E /* ViewModelType.swift */,
				DF4390532BD66D2200520CF7 /* ReusableProtocol.swift */,
				DF806FA72BD8D8C9006046C8 /* NotificationCenterProtocol.swift */,
			);
			path = Protocol;
			sourceTree = "<group>";
		};
		DF82CCDC2BCA8D860089989E /* TextFieldView */ = {
			isa = PBXGroup;
			children = (
				DF82CCDE2BCA8D980089989E /* ViewModel */,
				DF82CCDD2BCA8D930089989E /* View */,
			);
			path = TextFieldView;
			sourceTree = "<group>";
		};
		DF82CCDD2BCA8D930089989E /* View */ = {
			isa = PBXGroup;
			children = (
				DF82CCD82BCA87090089989E /* TextFieldView.swift */,
			);
			path = View;
			sourceTree = "<group>";
		};
		DF82CCDE2BCA8D980089989E /* ViewModel */ = {
			isa = PBXGroup;
			children = (
				DF82CCDF2BCA8DA70089989E /* TextFieldViewModel.swift */,
			);
			path = ViewModel;
			sourceTree = "<group>";
		};
		DF82CCE52BCA9E860089989E /* Network */ = {
			isa = PBXGroup;
			children = (
				DF82CCF12BCA9F2F0089989E /* Model */,
				DF82CCEC2BCA9EEC0089989E /* Enum */,
				DF82CCF22BCA9F480089989E /* NetworkManager.swift */,
				DF82CCF42BCA9F670089989E /* Router.swift */,
				DF82CCF62BCA9F7E0089989E /* TargetType.swift */,
				DF690D962BCECA7700F3D1E0 /* NetworkInterceptor.swift */,
			);
			path = Network;
			sourceTree = "<group>";
		};
		DF82CCEC2BCA9EEC0089989E /* Enum */ = {
			isa = PBXGroup;
			children = (
				DF82CCE62BCA9E9E0089989E /* Headers.swift */,
				DF82CCE82BCA9ECA0089989E /* APIKey.swift */,
				DF82CCEA2BCA9EE10089989E /* NetworkVersion.swift */,
				DF6367DE2BCB8F480087A075 /* NetworkError.swift */,
			);
			path = Enum;
			sourceTree = "<group>";
		};
		DF82CCF12BCA9F2F0089989E /* Model */ = {
			isa = PBXGroup;
			children = (
				DF82CCED2BCA9F0B0089989E /* TokenModel.swift */,
				DF82CCEF2BCA9F190089989E /* LoginQuery.swift */,
				DF6367E02BCBD0CA0087A075 /* SignUpModel.swift */,
				DF8135BE2BCD1E9900126B9F /* EmailCheckModel.swift */,
				DF690D9A2BCEDB7700F3D1E0 /* PostsModel.swift */,
				DF5FDA8F2BD43D6F0013E1D3 /* ImageFilesModel.swift */,
				DF9CC6D32BD7694A00DF808A /* LikeQuery.swift */,
				DF9CC6DD2BD7CA5C00DF808A /* LikeDatas.swift */,
				DF88FEA22BDB811400FB9C24 /* ProfileModel.swift */,
				DF87DD5F2BDD78F2006C53DC /* ModifyProfileModel.swift */,
				DF73FE612BDEE07700328279 /* CommentModel.swift */,
				DF8DFF212BDFFE46009BC7C4 /* FollowingModel.swift */,
			);
			path = Model;
			sourceTree = "<group>";
		};
		DF839D4B2BC93B94001FE924 = {
			isa = PBXGroup;
			children = (
				DF839D6B2BC93BC9001FE924 /* .gitignore */,
				DF839D562BC93B94001FE924 /* RealHealthKing */,
				DF839D552BC93B94001FE924 /* Products */,
			);
			sourceTree = "<group>";
		};
		DF839D552BC93B94001FE924 /* Products */ = {
			isa = PBXGroup;
			children = (
				DF839D542BC93B94001FE924 /* RealHealthKing.app */,
			);
			name = Products;
			sourceTree = "<group>";
		};
		DF839D562BC93B94001FE924 /* RealHealthKing */ = {
			isa = PBXGroup;
			children = (
				DF806FAB2BD8D95D006046C8 /* Enum */,
				DF892AC12BCC50A9006C69AA /* Extension */,
				DF82CCE52BCA9E860089989E /* Network */,
				DF82CCD42BCA85660089989E /* Protocol */,
				DF839D812BC93D05001FE924 /* Scene */,
				DF839D572BC93B94001FE924 /* AppDelegate.swift */,
				DF839D592BC93B94001FE924 /* SceneDelegate.swift */,
				DF839D5D2BC93B94001FE924 /* Main.storyboard */,
				DF839D602BC93B97001FE924 /* Assets.xcassets */,
				DF839D622BC93B97001FE924 /* LaunchScreen.storyboard */,
				DF839D652BC93B97001FE924 /* Info.plist */,
			);
			path = RealHealthKing;
			sourceTree = "<group>";
		};
		DF839D812BC93D05001FE924 /* Scene */ = {
			isa = PBXGroup;
			children = (
				DF73FE632BDEE31300328279 /* Comment */,
				DF73FE542BDEB53400328279 /* Detail */,
				DF73FE4B2BDE8ECA00328279 /* Launch */,
				DF87DD552BDCE0AF006C53DC /* ModifyProfile */,
				DF8020612BDA626A00473028 /* Profile */,
				DF806FB22BD927E1006046C8 /* Search */,
				DF772DED2BD5057D00DD47B7 /* Home */,
				DF95A5172BD0FA2100E6FCC4 /* Posting */,
				DF6367E22BCBD1930087A075 /* SignUp */,
				DF839D902BC9A859001FE924 /* Custom */,
				DF839D872BC93D99001FE924 /* SignIn */,
				DF839D822BC93D13001FE924 /* Base */,
				DF8DFF1F2BDFE054009BC7C4 /* TabBarViewController.swift */,
			);
			path = Scene;
			sourceTree = "<group>";
		};
		DF839D822BC93D13001FE924 /* Base */ = {
			isa = PBXGroup;
			children = (
				DF839D832BC93D2C001FE924 /* BaseView.swift */,
				DF839D852BC93D3E001FE924 /* BaseController.swift */,
			);
			path = Base;
			sourceTree = "<group>";
		};
		DF839D872BC93D99001FE924 /* SignIn */ = {
			isa = PBXGroup;
			children = (
				DF839D892BC93DAD001FE924 /* ViewModel */,
				DF839D882BC93DA8001FE924 /* View */,
			);
			path = SignIn;
			sourceTree = "<group>";
		};
		DF839D882BC93DA8001FE924 /* View */ = {
			isa = PBXGroup;
			children = (
				DF839D8A2BC93DC1001FE924 /* SignInViewController.swift */,
				DF839D8C2BC93DCF001FE924 /* SignInView.swift */,
			);
			path = View;
			sourceTree = "<group>";
		};
		DF839D892BC93DAD001FE924 /* ViewModel */ = {
			isa = PBXGroup;
			children = (
				DF82CCE32BCA9CAB0089989E /* SignInViewModel.swift */,
			);
			path = ViewModel;
			sourceTree = "<group>";
		};
		DF839D902BC9A859001FE924 /* Custom */ = {
			isa = PBXGroup;
			children = (
				DF8A7F322BCE159000DA9C33 /* TextWithHelper */,
				DF82CCDC2BCA8D860089989E /* TextFieldView */,
				DF82CCDA2BCA87910089989E /* InfoLabel.swift */,
				DF6367E72BCBE28B0087A075 /* HelperView.swift */,
				DF80206A2BDA6DD800473028 /* CountView.swift */,
				DFADFCBE2BE36B29006367FE /* NoDataView.swift */,
			);
			path = Custom;
			sourceTree = "<group>";
		};
		DF87DD552BDCE0AF006C53DC /* ModifyProfile */ = {
			isa = PBXGroup;
			children = (
				DF87DD582BDCE0CE006C53DC /* ViewModel */,
				DF87DD562BDCE0BF006C53DC /* View */,
			);
			path = ModifyProfile;
			sourceTree = "<group>";
		};
		DF87DD562BDCE0BF006C53DC /* View */ = {
			isa = PBXGroup;
			children = (
				DF87DD592BDCE0E3006C53DC /* ModifyViewController.swift */,
				DF87DD5B2BDCE0EC006C53DC /* ModifyView.swift */,
			);
			path = View;
			sourceTree = "<group>";
		};
		DF87DD582BDCE0CE006C53DC /* ViewModel */ = {
			isa = PBXGroup;
			children = (
				DF87DD5D2BDCE11C006C53DC /* ModifyViewModel.swift */,
			);
			path = ViewModel;
			sourceTree = "<group>";
		};
		DF892ABD2BCC449A006C69AA /* SignUpView */ = {
			isa = PBXGroup;
			children = (
				DF6367E32BCBD1A90087A075 /* SignUpViewController.swift */,
				DF6367E52BCBD1B90087A075 /* SignUpView.swift */,
			);
			path = SignUpView;
			sourceTree = "<group>";
		};
		DF892ABE2BCC44A7006C69AA /* SignUpViewModel */ = {
			isa = PBXGroup;
			children = (
				DF892ABF2BCC44B8006C69AA /* SignUpViewModel.swift */,
			);
			path = SignUpViewModel;
			sourceTree = "<group>";
		};
		DF892AC12BCC50A9006C69AA /* Extension */ = {
			isa = PBXGroup;
			children = (
				DF892AC22BCC50B7006C69AA /* String+Extension.swift */,
				DF76D1CC2BD23EED00257C38 /* UIViewController+Extension.swift */,
				DF5FDA8D2BD418520013E1D3 /* UIImage+Extension.swift */,
				DF8E46502BD578BC00606390 /* UILabel+Extension.swift */,
				DF43904F2BD6544100520CF7 /* UIScreen+Extension.swift */,
				DF4390552BD66D4800520CF7 /* UIView+Extension.swift */,
				DF806FA92BD8D8F0006046C8 /* NotificationCenter+Extension.swift */,
				DF806FAE2BD8DCDA006046C8 /* UIVewController+RXSwift.swift */,
				DFC680B42BE29D5C000CC3AD /* UISearchBar+Extension.swift */,
			);
			path = Extension;
			sourceTree = "<group>";
		};
		DF8A7F322BCE159000DA9C33 /* TextWithHelper */ = {
			isa = PBXGroup;
			children = (
				DF6367EB2BCBF3540087A075 /* TextWithHelperViewModel.swift */,
				DF6367E92BCBF3030087A075 /* TextViewWithHelperView.swift */,
			);
			path = TextWithHelper;
			sourceTree = "<group>";
		};
		DF95A5172BD0FA2100E6FCC4 /* Posting */ = {
			isa = PBXGroup;
			children = (
				DF46AEA02BE572260025B43F /* Model */,
				DF95A5192BD0FA3600E6FCC4 /* ViewModel */,
				DF95A5182BD0FA3100E6FCC4 /* View */,
			);
			path = Posting;
			sourceTree = "<group>";
		};
		DF95A5182BD0FA3100E6FCC4 /* View */ = {
			isa = PBXGroup;
			children = (
				DF95A51A2BD0FA4D00E6FCC4 /* PostingView.swift */,
				DF95A51C2BD0FA5B00E6FCC4 /* PostingViewController.swift */,
			);
			path = View;
			sourceTree = "<group>";
		};
		DF95A5192BD0FA3600E6FCC4 /* ViewModel */ = {
			isa = PBXGroup;
			children = (
				DF95A51E2BD0FA6700E6FCC4 /* PostingViewModel.swift */,
			);
			path = ViewModel;
			sourceTree = "<group>";
		};
		DFADFCC22BE38211006367FE /* Model */ = {
			isa = PBXGroup;
			children = (
				DFADFCC02BE3820E006367FE /* HomeModel.swift */,
			);
			path = Model;
			sourceTree = "<group>";
		};
/* End PBXGroup section */

/* Begin PBXNativeTarget section */
		DF839D532BC93B94001FE924 /* RealHealthKing */ = {
			isa = PBXNativeTarget;
			buildConfigurationList = DF839D682BC93B97001FE924 /* Build configuration list for PBXNativeTarget "RealHealthKing" */;
			buildPhases = (
				DF839D502BC93B94001FE924 /* Sources */,
				DF839D512BC93B94001FE924 /* Frameworks */,
				DF839D522BC93B94001FE924 /* Resources */,
			);
			buildRules = (
			);
			dependencies = (
			);
			name = RealHealthKing;
			packageProductDependencies = (
				DF839D6E2BC93C67001FE924 /* SnapKit */,
				DF839D712BC93C72001FE924 /* Then */,
				DF839D742BC93C93001FE924 /* RxCocoa */,
				DF839D762BC93C93001FE924 /* RxSwift */,
				DF839D792BC93CA4001FE924 /* TextFieldEffects */,
				DF839D7C2BC93CB3001FE924 /* IQKeyboardManagerSwift */,
				DF839D7F2BC93CC2001FE924 /* Alamofire */,
				DF690D942BCECA3E00F3D1E0 /* KeychainSwift */,
				DF856B432BD18B1200221DFA /* Toast */,
				DF76D1CF2BD2521A00257C38 /* RxGesture */,
				DF43904D2BD63BBB00520CF7 /* Kingfisher */,
				DF80205F2BDA626300473028 /* Tabman */,
			);
			productName = RealHealthKing;
			productReference = DF839D542BC93B94001FE924 /* RealHealthKing.app */;
			productType = "com.apple.product-type.application";
		};
/* End PBXNativeTarget section */

/* Begin PBXProject section */
		DF839D4C2BC93B94001FE924 /* Project object */ = {
			isa = PBXProject;
			attributes = {
				BuildIndependentTargetsInParallel = 1;
				LastSwiftUpdateCheck = 1530;
				LastUpgradeCheck = 1530;
				TargetAttributes = {
					DF839D532BC93B94001FE924 = {
						CreatedOnToolsVersion = 15.3;
					};
				};
			};
			buildConfigurationList = DF839D4F2BC93B94001FE924 /* Build configuration list for PBXProject "RealHealthKing" */;
			compatibilityVersion = "Xcode 14.0";
			developmentRegion = en;
			hasScannedForEncodings = 0;
			knownRegions = (
				en,
				Base,
			);
			mainGroup = DF839D4B2BC93B94001FE924;
			packageReferences = (
				DF839D6D2BC93C67001FE924 /* XCRemoteSwiftPackageReference "SnapKit" */,
				DF839D702BC93C72001FE924 /* XCRemoteSwiftPackageReference "Then" */,
				DF839D732BC93C92001FE924 /* XCRemoteSwiftPackageReference "RxSwift" */,
				DF839D782BC93CA4001FE924 /* XCRemoteSwiftPackageReference "TextFieldEffects" */,
				DF839D7B2BC93CB3001FE924 /* XCRemoteSwiftPackageReference "IQKeyboardManager" */,
				DF839D7E2BC93CC1001FE924 /* XCRemoteSwiftPackageReference "Alamofire" */,
				DF690D932BCECA3E00F3D1E0 /* XCRemoteSwiftPackageReference "keychain-swift" */,
				DF856B422BD18B1200221DFA /* XCRemoteSwiftPackageReference "Toast-Swift" */,
				DF76D1CE2BD2521A00257C38 /* XCRemoteSwiftPackageReference "RxGesture" */,
				DF43904C2BD63BBB00520CF7 /* XCRemoteSwiftPackageReference "Kingfisher" */,
				DF80205E2BDA626300473028 /* XCRemoteSwiftPackageReference "Tabman" */,
			);
			productRefGroup = DF839D552BC93B94001FE924 /* Products */;
			projectDirPath = "";
			projectRoot = "";
			targets = (
				DF839D532BC93B94001FE924 /* RealHealthKing */,
			);
		};
/* End PBXProject section */

/* Begin PBXResourcesBuildPhase section */
		DF839D522BC93B94001FE924 /* Resources */ = {
			isa = PBXResourcesBuildPhase;
			buildActionMask = 2147483647;
			files = (
				DF839D6C2BC93BC9001FE924 /* .gitignore in Resources */,
				DF839D612BC93B97001FE924 /* Assets.xcassets in Resources */,
				DF839D642BC93B97001FE924 /* Base in Resources */,
				DF839D5F2BC93B94001FE924 /* Base in Resources */,
			);
			runOnlyForDeploymentPostprocessing = 0;
		};
/* End PBXResourcesBuildPhase section */

/* Begin PBXSourcesBuildPhase section */
		DF839D502BC93B94001FE924 /* Sources */ = {
			isa = PBXSourcesBuildPhase;
			buildActionMask = 2147483647;
			files = (
				DF8E46512BD578BC00606390 /* UILabel+Extension.swift in Sources */,
				DF73FE5A2BDEB58300328279 /* DetailView.swift in Sources */,
				DF806FBA2BD9283E006046C8 /* SearchView.swift in Sources */,
				DFC680B52BE29D5C000CC3AD /* UISearchBar+Extension.swift in Sources */,
				DF5FDA8E2BD418530013E1D3 /* UIImage+Extension.swift in Sources */,
				DF82CCF32BCA9F480089989E /* NetworkManager.swift in Sources */,
				DF82CCDB2BCA87910089989E /* InfoLabel.swift in Sources */,
				DF95A51F2BD0FA6700E6FCC4 /* PostingViewModel.swift in Sources */,
				DF73FE4F2BDE8EFA00328279 /* LauchScreenViewController.swift in Sources */,
				DF73FE6D2BDEEAFF00328279 /* CommentTableViewCell.swift in Sources */,
				DF87DD5E2BDCE11C006C53DC /* ModifyViewModel.swift in Sources */,
				DF6367E12BCBD0CA0087A075 /* SignUpModel.swift in Sources */,
				DF87DD602BDD78F2006C53DC /* ModifyProfileModel.swift in Sources */,
				DF839D8D2BC93DCF001FE924 /* SignInView.swift in Sources */,
				DF82CCE02BCA8DA70089989E /* TextFieldViewModel.swift in Sources */,
				DF690D9B2BCEDB7700F3D1E0 /* PostsModel.swift in Sources */,
				DF4390502BD6544100520CF7 /* UIScreen+Extension.swift in Sources */,
				DF4390562BD66D4800520CF7 /* UIView+Extension.swift in Sources */,
				DF806FB62BD92818006046C8 /* SearchViewModel.swift in Sources */,
				DF73FE602BDEC7EB00328279 /* ScreenState.swift in Sources */,
				DF8020652BDA629500473028 /* ProfileViewController.swift in Sources */,
				DF82CCF02BCA9F190089989E /* LoginQuery.swift in Sources */,
				DF87DD5C2BDCE0EC006C53DC /* ModifyView.swift in Sources */,
				DF73FE692BDEE33A00328279 /* CommentViewController.swift in Sources */,
				DF76D1CD2BD23EED00257C38 /* UIViewController+Extension.swift in Sources */,
				DF73FE622BDEE07700328279 /* CommentModel.swift in Sources */,
				DF892AC02BCC44B8006C69AA /* SignUpViewModel.swift in Sources */,
				DF82CCF72BCA9F7E0089989E /* TargetType.swift in Sources */,
				DF8020692BDA62AD00473028 /* ProfileViewModel.swift in Sources */,
				DF82CCE92BCA9ECA0089989E /* APIKey.swift in Sources */,
				DF46AEA22BE572330025B43F /* PostingModel.swift in Sources */,
				DF9CC6D22BD767DE00DF808A /* HomeTableCellViewModel.swift in Sources */,
				DF82CCE42BCA9CAB0089989E /* SignInViewModel.swift in Sources */,
				DF73FE532BDE8F9B00328279 /* LauchViewModel.swift in Sources */,
				DF80206B2BDA6DD800473028 /* CountView.swift in Sources */,
				DF690D972BCECA7700F3D1E0 /* NetworkInterceptor.swift in Sources */,
				DF4390542BD66D2200520CF7 /* ReusableProtocol.swift in Sources */,
				DF806FAA2BD8D8F0006046C8 /* NotificationCenter+Extension.swift in Sources */,
				DF6367DF2BCB8F480087A075 /* NetworkError.swift in Sources */,
				DF9CC6D42BD7694A00DF808A /* LikeQuery.swift in Sources */,
				DF87DD5A2BDCE0E3006C53DC /* ModifyViewController.swift in Sources */,
				DF9CC6DE2BD7CA5C00DF808A /* LikeDatas.swift in Sources */,
				DF8E464F2BD56D0700606390 /* HomeView.swift in Sources */,
				DF839D842BC93D2C001FE924 /* BaseView.swift in Sources */,
				DF80205D2BDA5DD100473028 /* SearchCollectionViewCell.swift in Sources */,
				DF73FE6B2BDEE34400328279 /* CommentViewModel.swift in Sources */,
				DF6367E82BCBE28B0087A075 /* HelperView.swift in Sources */,
				DF73FE582BDEB57600328279 /* DetailViewController.swift in Sources */,
				DF8135BF2BCD1E9900126B9F /* EmailCheckModel.swift in Sources */,
				DF82CCE72BCA9E9E0089989E /* Headers.swift in Sources */,
				DF8DFF202BDFE054009BC7C4 /* TabBarViewController.swift in Sources */,
				DF95A51D2BD0FA5B00E6FCC4 /* PostingViewController.swift in Sources */,
				DF88FEA32BDB811400FB9C24 /* ProfileModel.swift in Sources */,
				DF839D582BC93B94001FE924 /* AppDelegate.swift in Sources */,
				DF806FB12BD8FFE3006046C8 /* KeyChainManager.swift in Sources */,
				DF5FDA902BD43D6F0013E1D3 /* ImageFilesModel.swift in Sources */,
				DF839D862BC93D3E001FE924 /* BaseController.swift in Sources */,
				DF6367EA2BCBF3030087A075 /* TextViewWithHelperView.swift in Sources */,
				DF82CCF52BCA9F670089989E /* Router.swift in Sources */,
				DF73FE512BDE8F0E00328279 /* LauchScreenView.swift in Sources */,
				DF95A51B2BD0FA4D00E6FCC4 /* PostingView.swift in Sources */,
				DF6367E62BCBD1B90087A075 /* SignUpView.swift in Sources */,
				DF839D8B2BC93DC1001FE924 /* SignInViewController.swift in Sources */,
				DF82CCEE2BCA9F0B0089989E /* TokenModel.swift in Sources */,
				DF73FE672BDEE32F00328279 /* CommentView.swift in Sources */,
				DF806FA82BD8D8C9006046C8 /* NotificationCenterProtocol.swift in Sources */,
				DF6367E42BCBD1A90087A075 /* SignUpViewController.swift in Sources */,
				DF82CCE22BCA8DF80089989E /* ViewModelType.swift in Sources */,
				DF82CCD62BCA85800089989E /* ConfigureProtocol.swift in Sources */,
				DF839D5A2BC93B94001FE924 /* SceneDelegate.swift in Sources */,
				DF8E464B2BD56CE900606390 /* HomeViewController.swift in Sources */,
				DF806FAD2BD8D971006046C8 /* NotificationCenterManager.swift in Sources */,
				DF4390522BD66CD800520CF7 /* HomeTableViewCell.swift in Sources */,
				DF8DFF222BDFFE46009BC7C4 /* FollowingModel.swift in Sources */,
				DF8020672BDA62A100473028 /* ProfileView.swift in Sources */,
				DFADFCBF2BE36B29006367FE /* NoDataView.swift in Sources */,
				DF8E464D2BD56CF800606390 /* HomeViewModel.swift in Sources */,
				DF806FB82BD92831006046C8 /* SearchViewController.swift in Sources */,
				DF6367EC2BCBF3540087A075 /* TextWithHelperViewModel.swift in Sources */,
				DF82CCD92BCA87090089989E /* TextFieldView.swift in Sources */,
				DF806FAF2BD8DCDA006046C8 /* UIVewController+RXSwift.swift in Sources */,
				DFADFCC12BE3820E006367FE /* HomeModel.swift in Sources */,
				DF892AC32BCC50B7006C69AA /* String+Extension.swift in Sources */,
				DF82CCEB2BCA9EE10089989E /* NetworkVersion.swift in Sources */,
				DF73FE5C2BDEB58E00328279 /* DetailViewModel.swift in Sources */,
			);
			runOnlyForDeploymentPostprocessing = 0;
		};
/* End PBXSourcesBuildPhase section */

/* Begin PBXVariantGroup section */
		DF839D5D2BC93B94001FE924 /* Main.storyboard */ = {
			isa = PBXVariantGroup;
			children = (
				DF839D5E2BC93B94001FE924 /* Base */,
			);
			name = Main.storyboard;
			sourceTree = "<group>";
		};
		DF839D622BC93B97001FE924 /* LaunchScreen.storyboard */ = {
			isa = PBXVariantGroup;
			children = (
				DF839D632BC93B97001FE924 /* Base */,
			);
			name = LaunchScreen.storyboard;
			sourceTree = "<group>";
		};
/* End PBXVariantGroup section */

/* Begin XCBuildConfiguration section */
		DF839D662BC93B97001FE924 /* Debug */ = {
			isa = XCBuildConfiguration;
			buildSettings = {
				ALWAYS_SEARCH_USER_PATHS = NO;
				ASSETCATALOG_COMPILER_GENERATE_SWIFT_ASSET_SYMBOL_EXTENSIONS = YES;
				CLANG_ANALYZER_NONNULL = YES;
				CLANG_ANALYZER_NUMBER_OBJECT_CONVERSION = YES_AGGRESSIVE;
				CLANG_CXX_LANGUAGE_STANDARD = "gnu++20";
				CLANG_ENABLE_MODULES = YES;
				CLANG_ENABLE_OBJC_ARC = YES;
				CLANG_ENABLE_OBJC_WEAK = YES;
				CLANG_WARN_BLOCK_CAPTURE_AUTORELEASING = YES;
				CLANG_WARN_BOOL_CONVERSION = YES;
				CLANG_WARN_COMMA = YES;
				CLANG_WARN_CONSTANT_CONVERSION = YES;
				CLANG_WARN_DEPRECATED_OBJC_IMPLEMENTATIONS = YES;
				CLANG_WARN_DIRECT_OBJC_ISA_USAGE = YES_ERROR;
				CLANG_WARN_DOCUMENTATION_COMMENTS = YES;
				CLANG_WARN_EMPTY_BODY = YES;
				CLANG_WARN_ENUM_CONVERSION = YES;
				CLANG_WARN_INFINITE_RECURSION = YES;
				CLANG_WARN_INT_CONVERSION = YES;
				CLANG_WARN_NON_LITERAL_NULL_CONVERSION = YES;
				CLANG_WARN_OBJC_IMPLICIT_RETAIN_SELF = YES;
				CLANG_WARN_OBJC_LITERAL_CONVERSION = YES;
				CLANG_WARN_OBJC_ROOT_CLASS = YES_ERROR;
				CLANG_WARN_QUOTED_INCLUDE_IN_FRAMEWORK_HEADER = YES;
				CLANG_WARN_RANGE_LOOP_ANALYSIS = YES;
				CLANG_WARN_STRICT_PROTOTYPES = YES;
				CLANG_WARN_SUSPICIOUS_MOVE = YES;
				CLANG_WARN_UNGUARDED_AVAILABILITY = YES_AGGRESSIVE;
				CLANG_WARN_UNREACHABLE_CODE = YES;
				CLANG_WARN__DUPLICATE_METHOD_MATCH = YES;
				COPY_PHASE_STRIP = NO;
				DEBUG_INFORMATION_FORMAT = dwarf;
				ENABLE_STRICT_OBJC_MSGSEND = YES;
				ENABLE_TESTABILITY = YES;
				ENABLE_USER_SCRIPT_SANDBOXING = YES;
				GCC_C_LANGUAGE_STANDARD = gnu17;
				GCC_DYNAMIC_NO_PIC = NO;
				GCC_NO_COMMON_BLOCKS = YES;
				GCC_OPTIMIZATION_LEVEL = 0;
				GCC_PREPROCESSOR_DEFINITIONS = (
					"DEBUG=1",
					"$(inherited)",
				);
				GCC_WARN_64_TO_32_BIT_CONVERSION = YES;
				GCC_WARN_ABOUT_RETURN_TYPE = YES_ERROR;
				GCC_WARN_UNDECLARED_SELECTOR = YES;
				GCC_WARN_UNINITIALIZED_AUTOS = YES_AGGRESSIVE;
				GCC_WARN_UNUSED_FUNCTION = YES;
				GCC_WARN_UNUSED_VARIABLE = YES;
				IPHONEOS_DEPLOYMENT_TARGET = 17.4;
				LOCALIZATION_PREFERS_STRING_CATALOGS = YES;
				MTL_ENABLE_DEBUG_INFO = INCLUDE_SOURCE;
				MTL_FAST_MATH = YES;
				ONLY_ACTIVE_ARCH = YES;
				SDKROOT = iphoneos;
				SWIFT_ACTIVE_COMPILATION_CONDITIONS = "DEBUG $(inherited)";
				SWIFT_OPTIMIZATION_LEVEL = "-Onone";
			};
			name = Debug;
		};
		DF839D672BC93B97001FE924 /* Release */ = {
			isa = XCBuildConfiguration;
			buildSettings = {
				ALWAYS_SEARCH_USER_PATHS = NO;
				ASSETCATALOG_COMPILER_GENERATE_SWIFT_ASSET_SYMBOL_EXTENSIONS = YES;
				CLANG_ANALYZER_NONNULL = YES;
				CLANG_ANALYZER_NUMBER_OBJECT_CONVERSION = YES_AGGRESSIVE;
				CLANG_CXX_LANGUAGE_STANDARD = "gnu++20";
				CLANG_ENABLE_MODULES = YES;
				CLANG_ENABLE_OBJC_ARC = YES;
				CLANG_ENABLE_OBJC_WEAK = YES;
				CLANG_WARN_BLOCK_CAPTURE_AUTORELEASING = YES;
				CLANG_WARN_BOOL_CONVERSION = YES;
				CLANG_WARN_COMMA = YES;
				CLANG_WARN_CONSTANT_CONVERSION = YES;
				CLANG_WARN_DEPRECATED_OBJC_IMPLEMENTATIONS = YES;
				CLANG_WARN_DIRECT_OBJC_ISA_USAGE = YES_ERROR;
				CLANG_WARN_DOCUMENTATION_COMMENTS = YES;
				CLANG_WARN_EMPTY_BODY = YES;
				CLANG_WARN_ENUM_CONVERSION = YES;
				CLANG_WARN_INFINITE_RECURSION = YES;
				CLANG_WARN_INT_CONVERSION = YES;
				CLANG_WARN_NON_LITERAL_NULL_CONVERSION = YES;
				CLANG_WARN_OBJC_IMPLICIT_RETAIN_SELF = YES;
				CLANG_WARN_OBJC_LITERAL_CONVERSION = YES;
				CLANG_WARN_OBJC_ROOT_CLASS = YES_ERROR;
				CLANG_WARN_QUOTED_INCLUDE_IN_FRAMEWORK_HEADER = YES;
				CLANG_WARN_RANGE_LOOP_ANALYSIS = YES;
				CLANG_WARN_STRICT_PROTOTYPES = YES;
				CLANG_WARN_SUSPICIOUS_MOVE = YES;
				CLANG_WARN_UNGUARDED_AVAILABILITY = YES_AGGRESSIVE;
				CLANG_WARN_UNREACHABLE_CODE = YES;
				CLANG_WARN__DUPLICATE_METHOD_MATCH = YES;
				COPY_PHASE_STRIP = NO;
				DEBUG_INFORMATION_FORMAT = "dwarf-with-dsym";
				ENABLE_NS_ASSERTIONS = NO;
				ENABLE_STRICT_OBJC_MSGSEND = YES;
				ENABLE_USER_SCRIPT_SANDBOXING = YES;
				GCC_C_LANGUAGE_STANDARD = gnu17;
				GCC_NO_COMMON_BLOCKS = YES;
				GCC_WARN_64_TO_32_BIT_CONVERSION = YES;
				GCC_WARN_ABOUT_RETURN_TYPE = YES_ERROR;
				GCC_WARN_UNDECLARED_SELECTOR = YES;
				GCC_WARN_UNINITIALIZED_AUTOS = YES_AGGRESSIVE;
				GCC_WARN_UNUSED_FUNCTION = YES;
				GCC_WARN_UNUSED_VARIABLE = YES;
				IPHONEOS_DEPLOYMENT_TARGET = 17.4;
				LOCALIZATION_PREFERS_STRING_CATALOGS = YES;
				MTL_ENABLE_DEBUG_INFO = NO;
				MTL_FAST_MATH = YES;
				SDKROOT = iphoneos;
				SWIFT_COMPILATION_MODE = wholemodule;
				VALIDATE_PRODUCT = YES;
			};
			name = Release;
		};
		DF839D692BC93B97001FE924 /* Debug */ = {
			isa = XCBuildConfiguration;
			buildSettings = {
				ASSETCATALOG_COMPILER_APPICON_NAME = AppIcon;
				ASSETCATALOG_COMPILER_GLOBAL_ACCENT_COLOR_NAME = AccentColor;
				CODE_SIGN_STYLE = Automatic;
				CURRENT_PROJECT_VERSION = 1;
				DEVELOPMENT_TEAM = QQ67S8HZ4F;
				GENERATE_INFOPLIST_FILE = YES;
				INFOPLIST_FILE = RealHealthKing/Info.plist;
				INFOPLIST_KEY_UIApplicationSupportsIndirectInputEvents = YES;
				INFOPLIST_KEY_UILaunchStoryboardName = LaunchScreen;
				INFOPLIST_KEY_UIMainStoryboardFile = Main;
				INFOPLIST_KEY_UISupportedInterfaceOrientations_iPad = "UIInterfaceOrientationPortrait UIInterfaceOrientationPortraitUpsideDown UIInterfaceOrientationLandscapeLeft UIInterfaceOrientationLandscapeRight";
				INFOPLIST_KEY_UISupportedInterfaceOrientations_iPhone = "UIInterfaceOrientationPortrait UIInterfaceOrientationLandscapeLeft UIInterfaceOrientationLandscapeRight";
				LD_RUNPATH_SEARCH_PATHS = (
					"$(inherited)",
					"@executable_path/Frameworks",
				);
				MARKETING_VERSION = 1.0;
				PRODUCT_BUNDLE_IDENTIFIER = com.melon.RealHealthKing;
				PRODUCT_NAME = "$(TARGET_NAME)";
				SWIFT_EMIT_LOC_STRINGS = YES;
				SWIFT_VERSION = 5.0;
				TARGETED_DEVICE_FAMILY = "1,2";
			};
			name = Debug;
		};
		DF839D6A2BC93B97001FE924 /* Release */ = {
			isa = XCBuildConfiguration;
			buildSettings = {
				ASSETCATALOG_COMPILER_APPICON_NAME = AppIcon;
				ASSETCATALOG_COMPILER_GLOBAL_ACCENT_COLOR_NAME = AccentColor;
				CODE_SIGN_STYLE = Automatic;
				CURRENT_PROJECT_VERSION = 1;
				DEVELOPMENT_TEAM = QQ67S8HZ4F;
				GENERATE_INFOPLIST_FILE = YES;
				INFOPLIST_FILE = RealHealthKing/Info.plist;
				INFOPLIST_KEY_UIApplicationSupportsIndirectInputEvents = YES;
				INFOPLIST_KEY_UILaunchStoryboardName = LaunchScreen;
				INFOPLIST_KEY_UIMainStoryboardFile = Main;
				INFOPLIST_KEY_UISupportedInterfaceOrientations_iPad = "UIInterfaceOrientationPortrait UIInterfaceOrientationPortraitUpsideDown UIInterfaceOrientationLandscapeLeft UIInterfaceOrientationLandscapeRight";
				INFOPLIST_KEY_UISupportedInterfaceOrientations_iPhone = "UIInterfaceOrientationPortrait UIInterfaceOrientationLandscapeLeft UIInterfaceOrientationLandscapeRight";
				LD_RUNPATH_SEARCH_PATHS = (
					"$(inherited)",
					"@executable_path/Frameworks",
				);
				MARKETING_VERSION = 1.0;
				PRODUCT_BUNDLE_IDENTIFIER = com.melon.RealHealthKing;
				PRODUCT_NAME = "$(TARGET_NAME)";
				SWIFT_EMIT_LOC_STRINGS = YES;
				SWIFT_VERSION = 5.0;
				TARGETED_DEVICE_FAMILY = "1,2";
			};
			name = Release;
		};
/* End XCBuildConfiguration section */

/* Begin XCConfigurationList section */
		DF839D4F2BC93B94001FE924 /* Build configuration list for PBXProject "RealHealthKing" */ = {
			isa = XCConfigurationList;
			buildConfigurations = (
				DF839D662BC93B97001FE924 /* Debug */,
				DF839D672BC93B97001FE924 /* Release */,
			);
			defaultConfigurationIsVisible = 0;
			defaultConfigurationName = Release;
		};
		DF839D682BC93B97001FE924 /* Build configuration list for PBXNativeTarget "RealHealthKing" */ = {
			isa = XCConfigurationList;
			buildConfigurations = (
				DF839D692BC93B97001FE924 /* Debug */,
				DF839D6A2BC93B97001FE924 /* Release */,
			);
			defaultConfigurationIsVisible = 0;
			defaultConfigurationName = Release;
		};
/* End XCConfigurationList section */

/* Begin XCRemoteSwiftPackageReference section */
		DF43904C2BD63BBB00520CF7 /* XCRemoteSwiftPackageReference "Kingfisher" */ = {
			isa = XCRemoteSwiftPackageReference;
			repositoryURL = "https://github.com/onevcat/Kingfisher.git";
			requirement = {
				kind = upToNextMajorVersion;
				minimumVersion = 7.11.0;
			};
		};
		DF690D932BCECA3E00F3D1E0 /* XCRemoteSwiftPackageReference "keychain-swift" */ = {
			isa = XCRemoteSwiftPackageReference;
			repositoryURL = "https://github.com/evgenyneu/keychain-swift.git";
			requirement = {
				kind = upToNextMajorVersion;
				minimumVersion = 22.0.0;
			};
		};
		DF76D1CE2BD2521A00257C38 /* XCRemoteSwiftPackageReference "RxGesture" */ = {
			isa = XCRemoteSwiftPackageReference;
			repositoryURL = "https://github.com/RxSwiftCommunity/RxGesture.git";
			requirement = {
				kind = upToNextMajorVersion;
				minimumVersion = 4.0.4;
			};
		};
		DF80205E2BDA626300473028 /* XCRemoteSwiftPackageReference "Tabman" */ = {
			isa = XCRemoteSwiftPackageReference;
			repositoryURL = "https://github.com/uias/Tabman.git";
			requirement = {
				kind = upToNextMajorVersion;
				minimumVersion = 3.2.0;
			};
		};
		DF839D6D2BC93C67001FE924 /* XCRemoteSwiftPackageReference "SnapKit" */ = {
			isa = XCRemoteSwiftPackageReference;
			repositoryURL = "https://github.com/SnapKit/SnapKit";
			requirement = {
				kind = upToNextMajorVersion;
				minimumVersion = 5.7.1;
			};
		};
		DF839D702BC93C72001FE924 /* XCRemoteSwiftPackageReference "Then" */ = {
			isa = XCRemoteSwiftPackageReference;
			repositoryURL = "https://github.com/devxoul/Then.git";
			requirement = {
				kind = upToNextMajorVersion;
				minimumVersion = 3.0.0;
			};
		};
		DF839D732BC93C92001FE924 /* XCRemoteSwiftPackageReference "RxSwift" */ = {
			isa = XCRemoteSwiftPackageReference;
			repositoryURL = "https://github.com/ReactiveX/RxSwift";
			requirement = {
				kind = upToNextMajorVersion;
				minimumVersion = 6.6.0;
			};
		};
		DF839D782BC93CA4001FE924 /* XCRemoteSwiftPackageReference "TextFieldEffects" */ = {
			isa = XCRemoteSwiftPackageReference;
			repositoryURL = "https://github.com/raulriera/TextFieldEffects.git";
			requirement = {
				kind = upToNextMajorVersion;
				minimumVersion = 1.7.0;
			};
		};
		DF839D7B2BC93CB3001FE924 /* XCRemoteSwiftPackageReference "IQKeyboardManager" */ = {
			isa = XCRemoteSwiftPackageReference;
			repositoryURL = "https://github.com/hackiftekhar/IQKeyboardManager.git";
			requirement = {
				kind = upToNextMajorVersion;
				minimumVersion = 7.0.2;
			};
		};
		DF839D7E2BC93CC1001FE924 /* XCRemoteSwiftPackageReference "Alamofire" */ = {
			isa = XCRemoteSwiftPackageReference;
			repositoryURL = "https://github.com/Alamofire/Alamofire.git";
			requirement = {
				kind = upToNextMajorVersion;
				minimumVersion = 5.9.1;
			};
		};
		DF856B422BD18B1200221DFA /* XCRemoteSwiftPackageReference "Toast-Swift" */ = {
			isa = XCRemoteSwiftPackageReference;
			repositoryURL = "https://github.com/scalessec/Toast-Swift.git";
			requirement = {
				kind = upToNextMajorVersion;
				minimumVersion = 5.1.1;
			};
		};
/* End XCRemoteSwiftPackageReference section */

/* Begin XCSwiftPackageProductDependency section */
		DF43904D2BD63BBB00520CF7 /* Kingfisher */ = {
			isa = XCSwiftPackageProductDependency;
			package = DF43904C2BD63BBB00520CF7 /* XCRemoteSwiftPackageReference "Kingfisher" */;
			productName = Kingfisher;
		};
		DF690D942BCECA3E00F3D1E0 /* KeychainSwift */ = {
			isa = XCSwiftPackageProductDependency;
			package = DF690D932BCECA3E00F3D1E0 /* XCRemoteSwiftPackageReference "keychain-swift" */;
			productName = KeychainSwift;
		};
		DF76D1CF2BD2521A00257C38 /* RxGesture */ = {
			isa = XCSwiftPackageProductDependency;
			package = DF76D1CE2BD2521A00257C38 /* XCRemoteSwiftPackageReference "RxGesture" */;
			productName = RxGesture;
		};
		DF80205F2BDA626300473028 /* Tabman */ = {
			isa = XCSwiftPackageProductDependency;
			package = DF80205E2BDA626300473028 /* XCRemoteSwiftPackageReference "Tabman" */;
			productName = Tabman;
		};
		DF839D6E2BC93C67001FE924 /* SnapKit */ = {
			isa = XCSwiftPackageProductDependency;
			package = DF839D6D2BC93C67001FE924 /* XCRemoteSwiftPackageReference "SnapKit" */;
			productName = SnapKit;
		};
		DF839D712BC93C72001FE924 /* Then */ = {
			isa = XCSwiftPackageProductDependency;
			package = DF839D702BC93C72001FE924 /* XCRemoteSwiftPackageReference "Then" */;
			productName = Then;
		};
		DF839D742BC93C93001FE924 /* RxCocoa */ = {
			isa = XCSwiftPackageProductDependency;
			package = DF839D732BC93C92001FE924 /* XCRemoteSwiftPackageReference "RxSwift" */;
			productName = RxCocoa;
		};
		DF839D762BC93C93001FE924 /* RxSwift */ = {
			isa = XCSwiftPackageProductDependency;
			package = DF839D732BC93C92001FE924 /* XCRemoteSwiftPackageReference "RxSwift" */;
			productName = RxSwift;
		};
		DF839D792BC93CA4001FE924 /* TextFieldEffects */ = {
			isa = XCSwiftPackageProductDependency;
			package = DF839D782BC93CA4001FE924 /* XCRemoteSwiftPackageReference "TextFieldEffects" */;
			productName = TextFieldEffects;
		};
		DF839D7C2BC93CB3001FE924 /* IQKeyboardManagerSwift */ = {
			isa = XCSwiftPackageProductDependency;
			package = DF839D7B2BC93CB3001FE924 /* XCRemoteSwiftPackageReference "IQKeyboardManager" */;
			productName = IQKeyboardManagerSwift;
		};
		DF839D7F2BC93CC2001FE924 /* Alamofire */ = {
			isa = XCSwiftPackageProductDependency;
			package = DF839D7E2BC93CC1001FE924 /* XCRemoteSwiftPackageReference "Alamofire" */;
			productName = Alamofire;
		};
		DF856B432BD18B1200221DFA /* Toast */ = {
			isa = XCSwiftPackageProductDependency;
			package = DF856B422BD18B1200221DFA /* XCRemoteSwiftPackageReference "Toast-Swift" */;
			productName = Toast;
		};
/* End XCSwiftPackageProductDependency section */
	};
	rootObject = DF839D4C2BC93B94001FE924 /* Project object */;
}
